<?xml version="1.0" encoding="utf-8"?>
<Project ToolsVersion="4.0" xmlns="http://schemas.microsoft.com/developer/msbuild/2003">
  <ItemGroup>
    <Filter Include="Source Files">
      <UniqueIdentifier>{3f07d4c4-c485-4cac-b458-f80314989be8}</UniqueIdentifier>
      <Extensions>cpp;c;cxx;rc;def;r;odl;idl;hpj;bat</Extensions>
    </Filter>
    <Filter Include="Source Files\Content">
      <UniqueIdentifier>{4b082cd6-c365-453a-ae37-a4e55efde60a}</UniqueIdentifier>
    </Filter>
    <Filter Include="Source Files\Content\Mining">
      <UniqueIdentifier>{6097b61a-148d-4111-9f15-004de298233e}</UniqueIdentifier>
    </Filter>
    <Filter Include="Source Files\Content\Events">
      <UniqueIdentifier>{09850026-1af6-4bde-b279-04c4f8f1a4af}</UniqueIdentifier>
    </Filter>
    <Filter Include="Source Files\Content\Events\BloodCastle">
      <UniqueIdentifier>{3c3b1980-1b1e-4e56-87c8-2e0823ddbb6d}</UniqueIdentifier>
    </Filter>
    <Filter Include="Source Files\Content\Events\BattleSoccer">
      <UniqueIdentifier>{8a5153d4-e8c0-4628-8bc2-015d4b8ea37c}</UniqueIdentifier>
    </Filter>
    <Filter Include="Source Files\Content\Events\CastleSiege">
      <UniqueIdentifier>{dc0fe9fb-7d17-4252-a8e7-5677c1945817}</UniqueIdentifier>
    </Filter>
    <Filter Include="Source Files\Content\Events\Crywolf">
      <UniqueIdentifier>{960317f1-bbf8-4ea0-a84a-53cd1de66098}</UniqueIdentifier>
    </Filter>
    <Filter Include="Source Files\Content\Events\Doppelganger">
      <UniqueIdentifier>{1764674f-f5bd-40b5-a54e-688831be34c0}</UniqueIdentifier>
    </Filter>
    <Filter Include="Source Files\Content\Events\ImperialGuardian">
      <UniqueIdentifier>{d9295e21-7cba-4188-bd2f-a398e5ea96c2}</UniqueIdentifier>
    </Filter>
    <Filter Include="Source Files\Content\Events\Kanturu">
      <UniqueIdentifier>{19adceda-fdbb-421d-8605-ed93c76949da}</UniqueIdentifier>
    </Filter>
    <Filter Include="Source Files\Content\Events\Raklion">
      <UniqueIdentifier>{ec8cba22-ebd5-4b96-9791-b0551f466be5}</UniqueIdentifier>
    </Filter>
    <Filter Include="Source Files\Content\Events\IllusionTemple">
      <UniqueIdentifier>{295a2afa-ed3a-4148-8779-be7b0628fa97}</UniqueIdentifier>
    </Filter>
    <Filter Include="Source Files\Content\Events\ChaosCastle">
      <UniqueIdentifier>{9326d4ca-5e8b-4dfc-8e92-c8de946a92f9}</UniqueIdentifier>
    </Filter>
    <Filter Include="Source Files\Content\Events\DevilSquare">
      <UniqueIdentifier>{6c4d68ca-5368-4347-b315-b527de3c5841}</UniqueIdentifier>
    </Filter>
    <Filter Include="Source Files\Content\Events\GoldenInvasion">
      <UniqueIdentifier>{1ed6f2bb-5936-48a5-bb8f-b4ca7385a28f}</UniqueIdentifier>
    </Filter>
    <Filter Include="Source Files\Content\Events\Management">
      <UniqueIdentifier>{1bd881c2-153f-4081-a870-1532073e8754}</UniqueIdentifier>
    </Filter>
    <Filter Include="Source Files\Content\Events\RingAttack">
      <UniqueIdentifier>{0bdfc0f4-788c-4e64-9fe9-52f667f8a257}</UniqueIdentifier>
    </Filter>
    <Filter Include="Source Files\Content\Events\DragonInvasion">
      <UniqueIdentifier>{6c30fd87-b3d9-4be8-bd51-431469f9b260}</UniqueIdentifier>
    </Filter>
    <Filter Include="Source Files\Content\Events\XMasAttack">
      <UniqueIdentifier>{39b07af6-0092-49d5-b01e-057021bffb32}</UniqueIdentifier>
    </Filter>
    <Filter Include="Source Files\Content\Events\SnakeBegins">
      <UniqueIdentifier>{9f5f644e-2081-4436-a2d0-875dea4dc9f4}</UniqueIdentifier>
    </Filter>
    <Filter Include="Source Files\Content\Events\LuckyItem">
      <UniqueIdentifier>{17cf28f5-e910-4ce8-80eb-20018254ed62}</UniqueIdentifier>
    </Filter>
    <Filter Include="Source Files\Content\Events\AttackEvent">
      <UniqueIdentifier>{3532c9b8-f4c3-44a6-830b-0c54194242ef}</UniqueIdentifier>
    </Filter>
    <Filter Include="Source Files\Content\Events\CastleDeep">
      <UniqueIdentifier>{818491a5-4d7a-4b23-871e-3412410aea8c}</UniqueIdentifier>
    </Filter>
    <Filter Include="Source Files\Content\Events\Kalima">
      <UniqueIdentifier>{0d528873-6525-4884-b923-24157b3eb142}</UniqueIdentifier>
    </Filter>
    <Filter Include="Source Files\Content\Items">
      <UniqueIdentifier>{d421923c-7c9f-40c7-9c27-de8fc8abf1e7}</UniqueIdentifier>
    </Filter>
    <Filter Include="Source Files\Content\Items\Socket">
      <UniqueIdentifier>{1a4b9798-bb40-444c-9b0d-873046ec9fa2}</UniqueIdentifier>
    </Filter>
    <Filter Include="Source Files\Content\Items\Harmony">
      <UniqueIdentifier>{f3e48618-507d-458a-b8a2-b22634dff6e7}</UniqueIdentifier>
    </Filter>
    <Filter Include="Source Files\Content\Items\Ancient">
      <UniqueIdentifier>{891d54a6-53a6-489d-a1fb-4da217d67b82}</UniqueIdentifier>
    </Filter>
    <Filter Include="Source Files\Content\Items\PvP">
      <UniqueIdentifier>{883dba30-9f1f-4aa7-910b-0ebc7352db93}</UniqueIdentifier>
    </Filter>
    <Filter Include="Source Files\Content\ElementSystem">
      <UniqueIdentifier>{82813e79-705a-472e-a5ea-257fe7300f38}</UniqueIdentifier>
    </Filter>
    <Filter Include="Source Files\Content\DarkSpirit">
      <UniqueIdentifier>{8c8c5f46-874a-4e8e-9bd8-f8edb29b44d2}</UniqueIdentifier>
    </Filter>
    <Filter Include="Source Files\Content\Guild">
      <UniqueIdentifier>{51dbe84e-51e1-41e0-b8f4-0e1c2ec577fc}</UniqueIdentifier>
    </Filter>
    <Filter Include="Source Files\Content\Guild\GuildMatch">
      <UniqueIdentifier>{13f71277-4ac1-4291-9241-d0eab654761f}</UniqueIdentifier>
    </Filter>
    <Filter Include="Source Files\Content\NewPvP">
      <UniqueIdentifier>{3d50104a-60f4-4f2d-b1b3-23164cfe7982}</UniqueIdentifier>
    </Filter>
    <Filter Include="Source Files\Content\Gambling">
      <UniqueIdentifier>{c1fe6cd2-fc39-4d1c-9636-51ff17761db6}</UniqueIdentifier>
    </Filter>
    <Filter Include="Source Files\Content\Party">
      <UniqueIdentifier>{5e98dbd8-26a9-4fe3-bd0a-408cdf7d487c}</UniqueIdentifier>
    </Filter>
    <Filter Include="Source Files\Content\MasterSystem">
      <UniqueIdentifier>{e9ad905c-e04e-43fc-986e-244333dbeacb}</UniqueIdentifier>
    </Filter>
    <Filter Include="Source Files\Content\ShopBoard">
      <UniqueIdentifier>{d41fc7e6-a2c9-4bac-8c94-e08ab2a09477}</UniqueIdentifier>
    </Filter>
    <Filter Include="Source Files\Content\Buffs">
      <UniqueIdentifier>{dd77ae2f-a80c-477c-b06b-b6ec009a534f}</UniqueIdentifier>
    </Filter>
    <Filter Include="Source Files\Content\CashShop">
      <UniqueIdentifier>{fde2c77d-ff1c-4400-b950-3ad08b3260c3}</UniqueIdentifier>
    </Filter>
    <Filter Include="Source Files\Content\Chat">
      <UniqueIdentifier>{5e965a29-76cc-4141-afeb-40ef3b1f3d13}</UniqueIdentifier>
    </Filter>
    <Filter Include="Source Files\Content\Crafting">
      <UniqueIdentifier>{c2452b1d-8169-4148-84a9-bda4aa5cf3a6}</UniqueIdentifier>
    </Filter>
    <Filter Include="Source Files\Content\Crafting\ChaosMachine">
      <UniqueIdentifier>{8d0e3dab-eaee-465f-b665-c223777828e1}</UniqueIdentifier>
    </Filter>
    <Filter Include="Source Files\Content\Crafting\Jewels">
      <UniqueIdentifier>{6f815a7a-48e1-4d3b-beae-c147ae56f5ff}</UniqueIdentifier>
    </Filter>
    <Filter Include="Source Files\Content\World">
      <UniqueIdentifier>{04027897-c38f-4f9d-901d-43877278cbad}</UniqueIdentifier>
    </Filter>
    <Filter Include="Source Files\Content\Quest">
      <UniqueIdentifier>{5c754653-1da9-4067-a669-d2e0e472a2e4}</UniqueIdentifier>
    </Filter>
    <Filter Include="Source Files\Content\TemporaryUserManager">
      <UniqueIdentifier>{04bbb01d-95a6-4adc-8903-511221c6e5e9}</UniqueIdentifier>
    </Filter>
    <Filter Include="Source Files\Content\Magic">
      <UniqueIdentifier>{571a75ba-b47f-431c-983f-4c2d05b3dbc6}</UniqueIdentifier>
    </Filter>
    <Filter Include="Source Files\Content\MUHelper">
      <UniqueIdentifier>{e3f581fc-f239-49ff-886a-1076aed538b4}</UniqueIdentifier>
    </Filter>
    <Filter Include="Source Files\Custom">
      <UniqueIdentifier>{bd8f3289-a4ae-4b17-8a78-d30a8f3935d7}</UniqueIdentifier>
    </Filter>
    <Filter Include="Source Files\Custom\StatGem">
      <UniqueIdentifier>{6162814b-0afc-427f-85c4-828027dd01e9}</UniqueIdentifier>
    </Filter>
    <Filter Include="Source Files\Custom\DummyTarget">
      <UniqueIdentifier>{007811d4-2a54-4eec-b3af-26e445e7c3a5}</UniqueIdentifier>
    </Filter>
    <Filter Include="Source Files\Custom\ExPoint">
      <UniqueIdentifier>{82642a37-111a-4553-a7c2-c788aa60585d}</UniqueIdentifier>
    </Filter>
    <Filter Include="Source Files\Custom\SummonSpot">
      <UniqueIdentifier>{e66ef9c6-02a2-4f6f-83b1-b88a0f0c1446}</UniqueIdentifier>
    </Filter>
    <Filter Include="Source Files\Custom\SoulSystem">
      <UniqueIdentifier>{c5f54be5-f45b-4dc9-89f4-33c29bd58147}</UniqueIdentifier>
    </Filter>
    <Filter Include="Source Files\Custom\ClassCalc">
      <UniqueIdentifier>{b3968bf7-efcc-4816-bd72-7df49ad62cfd}</UniqueIdentifier>
    </Filter>
    <Filter Include="Source Files\Custom\CustomManager">
      <UniqueIdentifier>{7a72e048-251a-4b7d-9b47-e714c2466616}</UniqueIdentifier>
    </Filter>
    <Filter Include="Source Files\Custom\ItemDropRate">
      <UniqueIdentifier>{ef7a4f72-bdc4-4c17-a2f2-5e94d2112e4b}</UniqueIdentifier>
    </Filter>
    <Filter Include="Source Files\Custom\ItemPrice">
      <UniqueIdentifier>{6ec5aa4a-ae59-432d-aa25-a389961c5028}</UniqueIdentifier>
    </Filter>
    <Filter Include="Source Files\Custom\Notice">
      <UniqueIdentifier>{8a52e003-535a-4eee-b480-803ff8ae0710}</UniqueIdentifier>
    </Filter>
    <Filter Include="Source Files\Custom\UserDieItemDrop">
      <UniqueIdentifier>{621f6c3f-30b0-4de0-8d48-0df09163d4ba}</UniqueIdentifier>
    </Filter>
    <Filter Include="Source Files\Custom\ExtraClassBalance">
      <UniqueIdentifier>{2c2f9def-b811-40bd-9096-e2a7d68b866e}</UniqueIdentifier>
    </Filter>
    <Filter Include="Source Files\Custom\MapRateInfo">
      <UniqueIdentifier>{320e4d5c-7e7b-4cce-aa02-5e094cf342e8}</UniqueIdentifier>
    </Filter>
    <Filter Include="Source Files\Custom\CommandManager">
      <UniqueIdentifier>{3839812a-28ab-4d5f-907e-025420726e3d}</UniqueIdentifier>
    </Filter>
    <Filter Include="Source Files\Custom\BuffSkillEffect">
      <UniqueIdentifier>{e6e72a70-1d4d-4c71-b94e-c84313098561}</UniqueIdentifier>
    </Filter>
    <Filter Include="Source Files\Custom\ChaosMachineManager">
      <UniqueIdentifier>{e6515cfa-fad7-4648-a615-5dfe9f72af2b}</UniqueIdentifier>
    </Filter>
    <Filter Include="Source Files\Custom\Achievements">
      <UniqueIdentifier>{df1d1a88-68f2-4c7f-8bb0-12b4385e7289}</UniqueIdentifier>
    </Filter>
    <Filter Include="Source Files\Custom\ShopPointEx">
      <UniqueIdentifier>{6a0519a0-1559-44c6-87a5-afe76f547ba7}</UniqueIdentifier>
    </Filter>
    <Filter Include="Source Files\Custom\ResetSystem">
      <UniqueIdentifier>{2c6ed9ed-6ea6-4c8b-8b19-c8544c823b26}</UniqueIdentifier>
    </Filter>
    <Filter Include="Source Files\Custom\MultiWarehouse">
      <UniqueIdentifier>{8eef97ea-6f93-499b-b03e-86874e460f66}</UniqueIdentifier>
    </Filter>
    <Filter Include="Source Files\Custom\Reconnect">
      <UniqueIdentifier>{127b1dc0-ee4d-457a-97f2-50920f458b03}</UniqueIdentifier>
    </Filter>
    <Filter Include="Source Files\Custom\PaymentEx">
      <UniqueIdentifier>{24fee003-3807-4805-8f4e-7d26b6c7fb75}</UniqueIdentifier>
    </Filter>
    <Filter Include="Source Files\Custom\ItemUpgradeJewels">
      <UniqueIdentifier>{aa6022e2-7457-4e8f-a7ed-3f1b47753afd}</UniqueIdentifier>
    </Filter>
    <Filter Include="Source Files\Custom\OfflineTrade">
      <UniqueIdentifier>{4781a0a8-65cd-4ee6-9a93-d9a0f80c325b}</UniqueIdentifier>
    </Filter>
    <Filter Include="Source Files\Custom\HardcoreMode">
      <UniqueIdentifier>{cdd452fa-a74a-4fce-a3d9-7f507d91ac7e}</UniqueIdentifier>
    </Filter>
    <Filter Include="Source Files\Custom\MonsterMoneyDrop">
      <UniqueIdentifier>{bf664289-feba-4ef7-aafd-1d86ff8f8bb7}</UniqueIdentifier>
    </Filter>
    <Filter Include="Source Files\Custom\ItemWingsOption">
      <UniqueIdentifier>{3e06dcd1-9961-45c1-bad1-18baab56bbbb}</UniqueIdentifier>
    </Filter>
    <Filter Include="Source Files\Custom\ItemExcellentOption">
      <UniqueIdentifier>{0fee1eda-052f-4e37-a3e3-d8bad74a2888}</UniqueIdentifier>
    </Filter>
    <Filter Include="Source Files\Network">
      <UniqueIdentifier>{66af4b6f-0c4b-46c1-b1bc-c3dbbc2b5f29}</UniqueIdentifier>
    </Filter>
    <Filter Include="Source Files\Network\Protocol">
      <UniqueIdentifier>{ed850a6b-b415-4d0a-95cf-11fb1c19b6c6}</UniqueIdentifier>
    </Filter>
    <Filter Include="Source Files\Network\Protocol\Client">
      <UniqueIdentifier>{d18cbd96-6547-4da3-b7e3-a5e81182862c}</UniqueIdentifier>
    </Filter>
    <Filter Include="Source Files\Network\Protocol\DataServer">
      <UniqueIdentifier>{42e1125b-48af-44d9-9803-1794a003a71a}</UniqueIdentifier>
    </Filter>
    <Filter Include="Source Files\Network\Protocol\JoinServer">
      <UniqueIdentifier>{aae6a1f9-7247-4962-8960-d870dd404438}</UniqueIdentifier>
    </Filter>
    <Filter Include="Source Files\Network\Protocol\ExDBServer">
      <UniqueIdentifier>{781ca41a-3d5f-49fa-b076-dc2ef7bfb3df}</UniqueIdentifier>
    </Filter>
    <Filter Include="Source Files\Network\Protocol\EventServer">
      <UniqueIdentifier>{30c03e9f-9eb6-4c58-8c5c-2757731c0ccd}</UniqueIdentifier>
    </Filter>
    <Filter Include="Source Files\Network\IOCP">
      <UniqueIdentifier>{2bda0ed7-417d-4660-9a5e-46a9bbc8ea24}</UniqueIdentifier>
    </Filter>
    <Filter Include="Source Files\Util">
      <UniqueIdentifier>{8322e0c3-d7e8-4212-b333-9634214ba4d6}</UniqueIdentifier>
    </Filter>
    <Filter Include="Source Files\Util\Message">
      <UniqueIdentifier>{2592975a-0ea7-4273-95b2-8da06be47255}</UniqueIdentifier>
    </Filter>
    <Filter Include="Source Files\Util\Debug">
      <UniqueIdentifier>{bd8fbced-4487-4ca4-b86b-eb1d51e73524}</UniqueIdentifier>
    </Filter>
    <Filter Include="Source Files\Util\Scripting">
      <UniqueIdentifier>{bfef26df-8071-4f7b-b9f8-cb80e2b5055b}</UniqueIdentifier>
    </Filter>
    <Filter Include="Source Files\Util\Math">
      <UniqueIdentifier>{ea77db9c-8812-4b4f-8f39-39f3e86d36ce}</UniqueIdentifier>
    </Filter>
    <Filter Include="Source Files\Util\Log">
      <UniqueIdentifier>{fb4d17fe-ada7-4ad1-8456-2c8668d4fd2f}</UniqueIdentifier>
    </Filter>
    <Filter Include="Source Files\CheatGuard">
      <UniqueIdentifier>{ec2d1044-763f-49a4-a684-d430dc62743a}</UniqueIdentifier>
    </Filter>
    <Filter Include="Source Files\Decompile">
      <UniqueIdentifier>{f03932b1-8cef-4675-ab98-db970327152e}</UniqueIdentifier>
    </Filter>
    <Filter Include="Source Files\Decompile\Muun">
      <UniqueIdentifier>{5aaa1b9d-c9b4-48f6-a5d1-9109cbd01838}</UniqueIdentifier>
    </Filter>
    <Filter Include="Source Files\Unit">
      <UniqueIdentifier>{abad9a0e-2c99-4791-9600-1c05bff5d872}</UniqueIdentifier>
    </Filter>
    <Filter Include="Source Files\Unit\Monster">
      <UniqueIdentifier>{718db1b4-d334-49b8-943b-4df9b1835643}</UniqueIdentifier>
    </Filter>
    <Filter Include="Source Files\Unit\Monster\MonAI">
      <UniqueIdentifier>{0b2f3aa5-8d8f-4ba1-bdb3-25e9a1a7ce53}</UniqueIdentifier>
    </Filter>
    <Filter Include="Source Files\Unit\Monster\MonSkill">
      <UniqueIdentifier>{94baa5a5-bdd3-4319-8e0b-db40234ee378}</UniqueIdentifier>
    </Filter>
    <Filter Include="Source Files\Unit\Monster\MonStat">
      <UniqueIdentifier>{422641d0-1e37-41a5-880d-a02ccd009a75}</UniqueIdentifier>
    </Filter>
    <Filter Include="Source Files\Unit\Monster\MonMove">
      <UniqueIdentifier>{f4777bdb-506b-493f-9e37-469dedef8cd0}</UniqueIdentifier>
    </Filter>
    <Filter Include="Source Files\Unit\Monster\MonAttribute">
      <UniqueIdentifier>{c75fdac2-67b9-4aa3-b858-c6eeb1122a7d}</UniqueIdentifier>
    </Filter>
    <Filter Include="Source Files\Unit\Monster\MonItem">
      <UniqueIdentifier>{fdd4d0b5-c50c-44bf-9f4e-eb5754681d32}</UniqueIdentifier>
    </Filter>
    <Filter Include="Source Files\Unit\Monster\MonBase">
      <UniqueIdentifier>{d6d72c57-e3b1-4381-a774-d40c496e46b3}</UniqueIdentifier>
    </Filter>
    <Filter Include="Source Files\Unit\Character">
      <UniqueIdentifier>{afcdfaad-9c84-4d3e-a4c2-976d0081b4c8}</UniqueIdentifier>
    </Filter>
    <Filter Include="Source Files\Unit\NPC">
      <UniqueIdentifier>{66f3eb6e-8a4f-4780-b075-2b9002af6ad0}</UniqueIdentifier>
    </Filter>
    <Filter Include="Source Files\Unit\Attack">
      <UniqueIdentifier>{21b7e03a-0d81-484d-9dc5-f9a8aaa5d550}</UniqueIdentifier>
    </Filter>
    <Filter Include="Header Files">
      <UniqueIdentifier>{ffbae4db-7daf-4565-984a-df19568a6c91}</UniqueIdentifier>
      <Extensions>h;hpp;hxx;hm;inl</Extensions>
    </Filter>
    <Filter Include="Resource Files">
      <UniqueIdentifier>{358bd049-1c1d-4906-a531-c32956cef844}</UniqueIdentifier>
      <Extensions>ico;cur;bmp;dlg;rc2;rct;bin;rgs;gif;jpg;jpeg;jpe</Extensions>
    </Filter>
    <Filter Include="xmllib">
      <UniqueIdentifier>{ecaacbda-df8c-4a1b-8b0e-0b2829623ff5}</UniqueIdentifier>
    </Filter>
    <Filter Include="WinLicense">
      <UniqueIdentifier>{048fc5bc-9464-4f05-ad92-cd2927840e06}</UniqueIdentifier>
    </Filter>
    <Filter Include="SimpleModulus">
      <UniqueIdentifier>{19ed9c64-5b16-450e-bc2c-0d99cefda323}</UniqueIdentifier>
    </Filter>
    <Filter Include="SimpleModulus\Scripting">
      <UniqueIdentifier>{ef4da72b-d2cf-4a77-9374-9c0dbd6495b6}</UniqueIdentifier>
    </Filter>
    <Filter Include="SimpleModulus\Scripting\Export">
      <UniqueIdentifier>{cd950c02-4da5-49d4-b609-bb72d5721f01}</UniqueIdentifier>
    </Filter>
    <Filter Include="VMProtect">
      <UniqueIdentifier>{2f35a049-058f-4a25-a652-2229002f3e35}</UniqueIdentifier>
    </Filter>
  </ItemGroup>
  <ItemGroup>
    <ClCompile Include="GameMain.cpp">
      <Filter>Source Files</Filter>
    </ClCompile>
    <ClCompile Include="GameServer.cpp">
      <Filter>Source Files</Filter>
    </ClCompile>
    <ClCompile Include="StdAfx.cpp">
      <Filter>Source Files</Filter>
    </ClCompile>
    <ClCompile Include="MiningSystem.cpp">
      <Filter>Source Files\Content\Mining</Filter>
    </ClCompile>
    <ClCompile Include="BloodCastle.cpp">
      <Filter>Source Files\Content\Events\BloodCastle</Filter>
    </ClCompile>
    <ClCompile Include="BattleGround.cpp">
      <Filter>Source Files\Content\Events\BattleSoccer</Filter>
    </ClCompile>
    <ClCompile Include="BattleSoccer.cpp">
      <Filter>Source Files\Content\Events\BattleSoccer</Filter>
    </ClCompile>
    <ClCompile Include="BattleSoccerManager.cpp">
      <Filter>Source Files\Content\Events\BattleSoccer</Filter>
    </ClCompile>
    <ClCompile Include="CannonTower.cpp">
      <Filter>Source Files\Content\Events\CastleSiege</Filter>
    </ClCompile>
    <ClCompile Include="CastleCrown.cpp">
      <Filter>Source Files\Content\Events\CastleSiege</Filter>
    </ClCompile>
    <ClCompile Include="CastleCrownSwitch.cpp">
      <Filter>Source Files\Content\Events\CastleSiege</Filter>
    </ClCompile>
    <ClCompile Include="CastleSiege.cpp">
      <Filter>Source Files\Content\Events\CastleSiege</Filter>
    </ClCompile>
    <ClCompile Include="CastleSiegeSync.cpp">
      <Filter>Source Files\Content\Events\CastleSiege</Filter>
    </ClCompile>
    <ClCompile Include="Guardian.cpp">
      <Filter>Source Files\Content\Events\CastleSiege</Filter>
    </ClCompile>
    <ClCompile Include="GuardianStatue.cpp">
      <Filter>Source Files\Content\Events\CastleSiege</Filter>
    </ClCompile>
    <ClCompile Include="LifeStone.cpp">
      <Filter>Source Files\Content\Events\CastleSiege</Filter>
    </ClCompile>
    <ClCompile Include="Mercenary.cpp">
      <Filter>Source Files\Content\Events\CastleSiege</Filter>
    </ClCompile>
    <ClCompile Include="Weapon.cpp">
      <Filter>Source Files\Content\Events\CastleSiege</Filter>
    </ClCompile>
    <ClCompile Include="Crywolf.cpp">
      <Filter>Source Files\Content\Events\Crywolf</Filter>
    </ClCompile>
    <ClCompile Include="CrywolfAltar.cpp">
      <Filter>Source Files\Content\Events\Crywolf</Filter>
    </ClCompile>
    <ClCompile Include="CrywolfDarkElf.cpp">
      <Filter>Source Files\Content\Events\Crywolf</Filter>
    </ClCompile>
    <ClCompile Include="CrywolfMonster.cpp">
      <Filter>Source Files\Content\Events\Crywolf</Filter>
    </ClCompile>
    <ClCompile Include="CrywolfStateTimeInfo.cpp">
      <Filter>Source Files\Content\Events\Crywolf</Filter>
    </ClCompile>
    <ClCompile Include="CrywolfStatue.cpp">
      <Filter>Source Files\Content\Events\Crywolf</Filter>
    </ClCompile>
    <ClCompile Include="CrywolfSync.cpp">
      <Filter>Source Files\Content\Events\Crywolf</Filter>
    </ClCompile>
    <ClCompile Include="CrywolfTanker.cpp">
      <Filter>Source Files\Content\Events\Crywolf</Filter>
    </ClCompile>
    <ClCompile Include="CrywolfUtil.cpp">
      <Filter>Source Files\Content\Events\Crywolf</Filter>
    </ClCompile>
    <ClCompile Include="DoubleGoerEvent.cpp">
      <Filter>Source Files\Content\Events\Doppelganger</Filter>
    </ClCompile>
    <ClCompile Include="ImperialGuardian.cpp">
      <Filter>Source Files\Content\Events\ImperialGuardian</Filter>
    </ClCompile>
    <ClCompile Include="ImperialGuardianRewardExp.cpp">
      <Filter>Source Files\Content\Events\ImperialGuardian</Filter>
    </ClCompile>
    <ClCompile Include="Kanturu.cpp">
      <Filter>Source Files\Content\Events\Kanturu</Filter>
    </ClCompile>
    <ClCompile Include="KanturuBattleOfMaya.cpp">
      <Filter>Source Files\Content\Events\Kanturu</Filter>
    </ClCompile>
    <ClCompile Include="KanturuBattleOfNightmare.cpp">
      <Filter>Source Files\Content\Events\Kanturu</Filter>
    </ClCompile>
    <ClCompile Include="KanturuBattleStanby.cpp">
      <Filter>Source Files\Content\Events\Kanturu</Filter>
    </ClCompile>
    <ClCompile Include="KanturuBattleUserMng.cpp">
      <Filter>Source Files\Content\Events\Kanturu</Filter>
    </ClCompile>
    <ClCompile Include="KanturuEntranceNPC.cpp">
      <Filter>Source Files\Content\Events\Kanturu</Filter>
    </ClCompile>
    <ClCompile Include="KanturuMaya.cpp">
      <Filter>Source Files\Content\Events\Kanturu</Filter>
    </ClCompile>
    <ClCompile Include="KanturuMonsterMng.cpp">
      <Filter>Source Files\Content\Events\Kanturu</Filter>
    </ClCompile>
    <ClCompile Include="KanturuNightmare.cpp">
      <Filter>Source Files\Content\Events\Kanturu</Filter>
    </ClCompile>
    <ClCompile Include="KanturuStateInfo.cpp">
      <Filter>Source Files\Content\Events\Kanturu</Filter>
    </ClCompile>
    <ClCompile Include="KanturuTowerOfRefinement.cpp">
      <Filter>Source Files\Content\Events\Kanturu</Filter>
    </ClCompile>
    <ClCompile Include="KanturuUtil.cpp">
      <Filter>Source Files\Content\Events\Kanturu</Filter>
    </ClCompile>
    <ClCompile Include="Raklion.cpp">
      <Filter>Source Files\Content\Events\Raklion</Filter>
    </ClCompile>
    <ClCompile Include="RaklionBattleOfSelupan.cpp">
      <Filter>Source Files\Content\Events\Raklion</Filter>
    </ClCompile>
    <ClCompile Include="RaklionBattleUser.cpp">
      <Filter>Source Files\Content\Events\Raklion</Filter>
    </ClCompile>
    <ClCompile Include="RaklionBattleUserMng.cpp">
      <Filter>Source Files\Content\Events\Raklion</Filter>
    </ClCompile>
    <ClCompile Include="RaklionObjInfo.cpp">
      <Filter>Source Files\Content\Events\Raklion</Filter>
    </ClCompile>
    <ClCompile Include="RaklionSelupan.cpp">
      <Filter>Source Files\Content\Events\Raklion</Filter>
    </ClCompile>
    <ClCompile Include="RaklionUtil.cpp">
      <Filter>Source Files\Content\Events\Raklion</Filter>
    </ClCompile>
    <ClCompile Include="IllusionTempleEvent.cpp">
      <Filter>Source Files\Content\Events\IllusionTemple</Filter>
    </ClCompile>
    <ClCompile Include="IllusionTempleProcess.cpp">
      <Filter>Source Files\Content\Events\IllusionTemple</Filter>
    </ClCompile>
    <ClCompile Include="ChaosCastle.cpp">
      <Filter>Source Files\Content\Events\ChaosCastle</Filter>
    </ClCompile>
    <ClCompile Include="DevilSquare.cpp">
      <Filter>Source Files\Content\Events\DevilSquare</Filter>
    </ClCompile>
    <ClCompile Include="DevilSquareGround.cpp">
      <Filter>Source Files\Content\Events\DevilSquare</Filter>
    </ClCompile>
    <ClCompile Include="EledoradoEvent.cpp">
      <Filter>Source Files\Content\Events\GoldenInvasion</Filter>
    </ClCompile>
    <ClCompile Include="EventManagement.cpp">
      <Filter>Source Files\Content\Events\Management</Filter>
    </ClCompile>
    <ClCompile Include="RingAttackEvent.cpp">
      <Filter>Source Files\Content\Events\RingAttack</Filter>
    </ClCompile>
    <ClCompile Include="DragonEvent.cpp">
      <Filter>Source Files\Content\Events\DragonInvasion</Filter>
    </ClCompile>
    <ClCompile Include="XMasAttackEvent.cpp">
      <Filter>Source Files\Content\Events\XMasAttack</Filter>
    </ClCompile>
    <ClCompile Include="SnakeBegins.cpp">
      <Filter>Source Files\Content\Events\SnakeBegins</Filter>
    </ClCompile>
    <ClCompile Include="LuckyItem.cpp">
      <Filter>Source Files\Content\Events\LuckyItem</Filter>
    </ClCompile>
    <ClCompile Include="AttackEvent.cpp">
      <Filter>Source Files\Content\Events\AttackEvent</Filter>
    </ClCompile>
    <ClCompile Include="CastleDeepEvent.cpp">
      <Filter>Source Files\Content\Events\CastleDeep</Filter>
    </ClCompile>
    <ClCompile Include="KalimaGate.cpp">
      <Filter>Source Files\Content\Events\Kalima</Filter>
    </ClCompile>
    <ClCompile Include="EventItemBag.cpp">
      <Filter>Source Files\Content\Items</Filter>
    </ClCompile>
    <ClCompile Include="ItemAddOption.cpp">
      <Filter>Source Files\Content\Items</Filter>
    </ClCompile>
    <ClCompile Include="..\common\zzzitem.cpp">
      <Filter>Source Files\Content\Items</Filter>
    </ClCompile>
    <ClCompile Include="SocketItemOption.cpp">
      <Filter>Source Files\Content\Items\Socket</Filter>
    </ClCompile>
    <ClCompile Include="JewelOfHarmonySystem.cpp">
      <Filter>Source Files\Content\Items\Harmony</Filter>
    </ClCompile>
    <ClCompile Include="SetItemMacro.cpp">
      <Filter>Source Files\Content\Items\Ancient</Filter>
    </ClCompile>
    <ClCompile Include="..\common\SetItemOption.cpp">
      <Filter>Source Files\Content\Items\Ancient</Filter>
    </ClCompile>
    <ClCompile Include="ItemSystemFor380.cpp">
      <Filter>Source Files\Content\Items\PvP</Filter>
    </ClCompile>
    <ClCompile Include="ElementalSystem.cpp">
      <Filter>Source Files\Content\ElementSystem</Filter>
    </ClCompile>
    <ClCompile Include="DarkSpirit.cpp">
      <Filter>Source Files\Content\DarkSpirit</Filter>
    </ClCompile>
    <ClCompile Include="GuildClass.cpp">
      <Filter>Source Files\Content\Guild</Filter>
    </ClCompile>
    <ClCompile Include="TUnion.cpp">
      <Filter>Source Files\Content\Guild</Filter>
    </ClCompile>
    <ClCompile Include="TUnionInfo.cpp">
      <Filter>Source Files\Content\Guild</Filter>
    </ClCompile>
    <ClCompile Include="ViewportGuild.cpp">
      <Filter>Source Files\Content\Guild</Filter>
    </ClCompile>
    <ClCompile Include="GuildMatch.cpp">
      <Filter>Source Files\Content\Guild\GuildMatch</Filter>
    </ClCompile>
    <ClCompile Include="NewPVP.cpp">
      <Filter>Source Files\Content\NewPvP</Filter>
    </ClCompile>
    <ClCompile Include="Gambling.cpp">
      <Filter>Source Files\Content\Gambling</Filter>
    </ClCompile>
    <ClCompile Include="PartyClass.cpp">
      <Filter>Source Files\Content\Party</Filter>
    </ClCompile>
    <ClCompile Include="MasterLevelSkillTreeSystem.cpp">
      <Filter>Source Files\Content\MasterSystem</Filter>
    </ClCompile>
    <ClCompile Include="MasterSkillSystem.cpp">
      <Filter>Source Files\Content\MasterSystem</Filter>
    </ClCompile>
    <ClCompile Include="ShopBoard.cpp">
      <Filter>Source Files\Content\ShopBoard</Filter>
    </ClCompile>
    <ClCompile Include="BuffEffect.cpp">
      <Filter>Source Files\Content\Buffs</Filter>
    </ClCompile>
    <ClCompile Include="BuffEffectSlot.cpp">
      <Filter>Source Files\Content\Buffs</Filter>
    </ClCompile>
    <ClCompile Include="BuffScriptLoader.cpp">
      <Filter>Source Files\Content\Buffs</Filter>
    </ClCompile>
    <ClCompile Include="CashItemPeriodSystem.cpp">
      <Filter>Source Files\Content\CashShop</Filter>
    </ClCompile>
    <ClCompile Include="CashLotterySystem.cpp">
      <Filter>Source Files\Content\CashShop</Filter>
    </ClCompile>
    <ClCompile Include="CashShop.cpp">
      <Filter>Source Files\Content\CashShop</Filter>
    </ClCompile>
    <ClCompile Include="PCBangPointSystem.cpp">
      <Filter>Source Files\Content\CashShop</Filter>
    </ClCompile>
    <ClCompile Include="PCBangUserSystem.cpp">
      <Filter>Source Files\Content\CashShop</Filter>
    </ClCompile>
    <ClCompile Include="WhisperCash.cpp">
      <Filter>Source Files\Content\Chat</Filter>
    </ClCompile>
    <ClCompile Include="ChaosBox.cpp">
      <Filter>Source Files\Content\Crafting\ChaosMachine</Filter>
    </ClCompile>
    <ClCompile Include="JewelMixSystem.cpp">
      <Filter>Source Files\Content\Crafting\Jewels</Filter>
    </ClCompile>
    <ClCompile Include="Gate.cpp">
      <Filter>Source Files\Content\World</Filter>
    </ClCompile>
    <ClCompile Include="MapClass.cpp">
      <Filter>Source Files\Content\World</Filter>
    </ClCompile>
    <ClCompile Include="MapItem.cpp">
      <Filter>Source Files\Content\World</Filter>
    </ClCompile>
    <ClCompile Include="MapServerManager.cpp">
      <Filter>Source Files\Content\World</Filter>
    </ClCompile>
    <ClCompile Include="Minimap.cpp">
      <Filter>Source Files\Content\World</Filter>
    </ClCompile>
    <ClCompile Include="MoveCheck.cpp">
      <Filter>Source Files\Content\World</Filter>
    </ClCompile>
    <ClCompile Include="MoveCommand.cpp">
      <Filter>Source Files\Content\World</Filter>
    </ClCompile>
    <ClCompile Include="QuestInfo.cpp">
      <Filter>Source Files\Content\Quest</Filter>
    </ClCompile>
    <ClCompile Include="StatMng.cpp">
      <Filter>Source Files\Content\Quest</Filter>
    </ClCompile>
    <ClCompile Include="TemporaryUserManager.cpp">
      <Filter>Source Files\Content\TemporaryUserManager</Filter>
    </ClCompile>
    <ClCompile Include="MagicInf.cpp">
      <Filter>Source Files\Content\Magic</Filter>
    </ClCompile>
    <ClCompile Include="MUHelper.cpp">
      <Filter>Source Files\Content\MUHelper</Filter>
    </ClCompile>
    <ClCompile Include="MonsterSpawner.cpp">
      <Filter>Source Files\Custom</Filter>
    </ClCompile>
    <ClCompile Include="PvPBalance.cpp">
      <Filter>Source Files\Custom</Filter>
    </ClCompile>
    <ClCompile Include="StatGem.cpp">
      <Filter>Source Files\Custom\StatGem</Filter>
    </ClCompile>
    <ClCompile Include="DummyTarget.cpp">
      <Filter>Source Files\Custom\DummyTarget</Filter>
    </ClCompile>
    <ClCompile Include="ExPoint.cpp">
      <Filter>Source Files\Custom\ExPoint</Filter>
    </ClCompile>
    <ClCompile Include="SummonSpot.cpp">
      <Filter>Source Files\Custom\SummonSpot</Filter>
    </ClCompile>
    <ClCompile Include="SoulSystem.cpp">
      <Filter>Source Files\Custom\SoulSystem</Filter>
    </ClCompile>
    <ClCompile Include="ClassCalc.cpp">
      <Filter>Source Files\Custom\ClassCalc</Filter>
    </ClCompile>
    <ClCompile Include="CustomManager.cpp">
      <Filter>Source Files\Custom\CustomManager</Filter>
    </ClCompile>
    <ClCompile Include="ItemDropRate.cpp">
      <Filter>Source Files\Custom\ItemDropRate</Filter>
    </ClCompile>
    <ClCompile Include="ItemPrice.cpp">
      <Filter>Source Files\Custom\ItemPrice</Filter>
    </ClCompile>
    <ClCompile Include="Notice.cpp">
      <Filter>Source Files\Custom\Notice</Filter>
    </ClCompile>
    <ClCompile Include="UserDieItemDrop.cpp">
      <Filter>Source Files\Custom\UserDieItemDrop</Filter>
    </ClCompile>
    <ClCompile Include="ExtraClassBalance.cpp">
      <Filter>Source Files\Custom\ExtraClassBalance</Filter>
    </ClCompile>
    <ClCompile Include="MapRateInfo.cpp">
      <Filter>Source Files\Custom\MapRateInfo</Filter>
    </ClCompile>
    <ClCompile Include="CommandManager.cpp">
      <Filter>Source Files\Custom\CommandManager</Filter>
    </ClCompile>
    <ClCompile Include="BuffSkillEffect.cpp">
      <Filter>Source Files\Custom\BuffSkillEffect</Filter>
    </ClCompile>
    <ClCompile Include="ChaosMachineManager.cpp">
      <Filter>Source Files\Custom\ChaosMachineManager</Filter>
    </ClCompile>
    <ClCompile Include="Achievements.cpp">
      <Filter>Source Files\Custom\Achievements</Filter>
    </ClCompile>
    <ClCompile Include="ShopPointEx.cpp">
      <Filter>Source Files\Custom\ShopPointEx</Filter>
    </ClCompile>
    <ClCompile Include="ResetSystem.cpp">
      <Filter>Source Files\Custom\ResetSystem</Filter>
    </ClCompile>
    <ClCompile Include="MultiWareHouseSystem.cpp">
      <Filter>Source Files\Custom\MultiWarehouse</Filter>
    </ClCompile>
    <ClCompile Include="Reconnect.cpp">
      <Filter>Source Files\Custom\Reconnect</Filter>
    </ClCompile>
    <ClCompile Include="PaymentEx.cpp">
      <Filter>Source Files\Custom\PaymentEx</Filter>
    </ClCompile>
    <ClCompile Include="ItemUpgradeJewels.cpp">
      <Filter>Source Files\Custom\ItemUpgradeJewels</Filter>
    </ClCompile>
    <ClCompile Include="OfflineTrade.cpp">
      <Filter>Source Files\Custom\OfflineTrade</Filter>
    </ClCompile>
    <ClCompile Include="HardcoreMode.cpp">
      <Filter>Source Files\Custom\HardcoreMode</Filter>
    </ClCompile>
    <ClCompile Include="MonsterMoneyDrop.cpp">
      <Filter>Source Files\Custom\MonsterMoneyDrop</Filter>
    </ClCompile>
    <ClCompile Include="ItemWingsOption.cpp">
      <Filter>Source Files\Custom\ItemWingsOption</Filter>
    </ClCompile>
    <ClCompile Include="ItemExcellentOption.cpp">
      <Filter>Source Files\Custom\ItemExcellentOption</Filter>
    </ClCompile>
    <ClCompile Include="CLoginCount.cpp">
      <Filter>Source Files\Network</Filter>
    </ClCompile>
    <ClCompile Include="ClosePlayer.cpp">
      <Filter>Source Files\Network</Filter>
    </ClCompile>
    <ClCompile Include="ConMember.cpp">
      <Filter>Source Files\Network</Filter>
    </ClCompile>
    <ClCompile Include="DbSave.cpp">
      <Filter>Source Files\Network</Filter>
    </ClCompile>
    <ClCompile Include="DBSockMng.cpp">
      <Filter>Source Files\Network</Filter>
    </ClCompile>
    <ClCompile Include="IpCache.cpp">
      <Filter>Source Files\Network</Filter>
    </ClCompile>
    <ClCompile Include="..\common\MyWinsockBase.cpp">
      <Filter>Source Files\Network</Filter>
    </ClCompile>
    <ClCompile Include="NSerialCheck.cpp">
      <Filter>Source Files\Network</Filter>
    </ClCompile>
    <ClCompile Include="PacketCheckSum.cpp">
      <Filter>Source Files\Network</Filter>
    </ClCompile>
    <ClCompile Include="wsGameServer.cpp">
      <Filter>Source Files\Network</Filter>
    </ClCompile>
    <ClCompile Include="wsJoinServerCli.cpp">
      <Filter>Source Files\Network</Filter>
    </ClCompile>
    <ClCompile Include="wsShopServerCli.cpp">
      <Filter>Source Files\Network</Filter>
    </ClCompile>
    <ClCompile Include="WzQueue.cpp">
      <Filter>Source Files\Network</Filter>
    </ClCompile>
    <ClCompile Include="WzUdp.cpp">
      <Filter>Source Files\Network</Filter>
    </ClCompile>
    <ClCompile Include="protocol.cpp">
      <Filter>Source Files\Network\Protocol\Client</Filter>
    </ClCompile>
    <ClCompile Include="DSProtocol.cpp">
      <Filter>Source Files\Network\Protocol\DataServer</Filter>
    </ClCompile>
    <ClCompile Include="SProtocol.cpp">
      <Filter>Source Files\Network\Protocol\JoinServer</Filter>
    </ClCompile>
    <ClCompile Include="EDSProtocol.cpp">
      <Filter>Source Files\Network\Protocol\ExDBServer</Filter>
    </ClCompile>
    <ClCompile Include="Event.cpp">
      <Filter>Source Files\Network\Protocol\EventServer</Filter>
    </ClCompile>
    <ClCompile Include="giocp.cpp">
      <Filter>Source Files\Network\IOCP</Filter>
    </ClCompile>
    <ClCompile Include="CWhatsUpDummyServer.cpp">
      <Filter>Source Files\Util</Filter>
    </ClCompile>
    <ClCompile Include="DirPath.cpp">
      <Filter>Source Files\Util</Filter>
    </ClCompile>
    <ClCompile Include="MuTimer.cpp">
      <Filter>Source Files\Util</Filter>
    </ClCompile>
    <ClCompile Include="QueueTimer.cpp">
      <Filter>Source Files\Util</Filter>
    </ClCompile>
    <ClCompile Include="TNotice.cpp">
      <Filter>Source Files\Util</Filter>
    </ClCompile>
    <ClCompile Include="TServerInfoDisplayer.cpp">
      <Filter>Source Files\Util</Filter>
    </ClCompile>
    <ClCompile Include="..\common\TSync.cpp">
      <Filter>Source Files\Util</Filter>
    </ClCompile>
    <ClCompile Include="..\common\winutil.cpp">
      <Filter>Source Files\Util</Filter>
    </ClCompile>
    <ClCompile Include="Message.cpp">
      <Filter>Source Files\Util\Message</Filter>
    </ClCompile>
    <ClCompile Include="CallStackTrace.cpp">
      <Filter>Source Files\Util\Debug</Filter>
    </ClCompile>
    <ClCompile Include="LuaFun.cpp">
      <Filter>Source Files\Util\Scripting</Filter>
    </ClCompile>
    <ClCompile Include="MuLua.cpp">
      <Filter>Source Files\Util\Scripting</Filter>
    </ClCompile>
    <ClCompile Include="..\common\WzMemScript.cpp">
      <Filter>Source Files\Util\Scripting</Filter>
    </ClCompile>
    <ClCompile Include="..\common\WZScriptEncode.cpp">
      <Filter>Source Files\Util\Scripting</Filter>
    </ClCompile>
    <ClCompile Include="LargeRand.cpp">
      <Filter>Source Files\Util\Math</Filter>
    </ClCompile>
    <ClCompile Include="TRandomPoolMgr.cpp">
      <Filter>Source Files\Util\Math</Filter>
    </ClCompile>
    <ClCompile Include="zzzmathlib.cpp">
      <Filter>Source Files\Util\Math</Filter>
    </ClCompile>
    <ClCompile Include="LogProc.cpp">
      <Filter>Source Files\Util\Log</Filter>
    </ClCompile>
    <ClCompile Include="LogToFile.cpp">
      <Filter>Source Files\Util\Log</Filter>
    </ClCompile>
    <ClCompile Include="CheatGuard.cpp">
      <Filter>Source Files\CheatGuard</Filter>
    </ClCompile>
    <ClCompile Include="AcheronEvent.cpp">
      <Filter>Source Files\Decompile</Filter>
    </ClCompile>
    <ClCompile Include="ArcaBattle.cpp">
      <Filter>Source Files\Decompile</Filter>
    </ClCompile>
    <ClCompile Include="MuRummy.cpp">
      <Filter>Source Files\Decompile</Filter>
    </ClCompile>
    <ClCompile Include="MuunSystem.cpp">
      <Filter>Source Files\Decompile\Muun</Filter>
    </ClCompile>
    <ClCompile Include="GameEvent.cpp">
      <Filter>Source Files\Unit</Filter>
    </ClCompile>
    <ClCompile Include="gObjMonster.cpp">
      <Filter>Source Files\Unit\Monster</Filter>
    </ClCompile>
    <ClCompile Include="TMonsterAI.cpp">
      <Filter>Source Files\Unit\Monster\MonAI</Filter>
    </ClCompile>
    <ClCompile Include="TMonsterAIAgro.cpp">
      <Filter>Source Files\Unit\Monster\MonAI</Filter>
    </ClCompile>
    <ClCompile Include="TMonsterAIAutomata.cpp">
      <Filter>Source Files\Unit\Monster\MonAI</Filter>
    </ClCompile>
    <ClCompile Include="TMonsterAIElement.cpp">
      <Filter>Source Files\Unit\Monster\MonAI</Filter>
    </ClCompile>
    <ClCompile Include="TMonsterAIGroup.cpp">
      <Filter>Source Files\Unit\Monster\MonAI</Filter>
    </ClCompile>
    <ClCompile Include="TMonsterAIGroupMember.cpp">
      <Filter>Source Files\Unit\Monster\MonAI</Filter>
    </ClCompile>
    <ClCompile Include="TMonsterAIMovePath.cpp">
      <Filter>Source Files\Unit\Monster\MonAI</Filter>
    </ClCompile>
    <ClCompile Include="TMonsterAIUnit.cpp">
      <Filter>Source Files\Unit\Monster\MonAI</Filter>
    </ClCompile>
    <ClCompile Include="TMonsterAIUtil.cpp">
      <Filter>Source Files\Unit\Monster\MonAI</Filter>
    </ClCompile>
    <ClCompile Include="TMonsterSkillElement.cpp">
      <Filter>Source Files\Unit\Monster\MonSkill</Filter>
    </ClCompile>
    <ClCompile Include="TMonsterSkillElementInfo.cpp">
      <Filter>Source Files\Unit\Monster\MonSkill</Filter>
    </ClCompile>
    <ClCompile Include="TMonsterSkillManager.cpp">
      <Filter>Source Files\Unit\Monster\MonSkill</Filter>
    </ClCompile>
    <ClCompile Include="TMonsterSkillUnit.cpp">
      <Filter>Source Files\Unit\Monster\MonSkill</Filter>
    </ClCompile>
    <ClCompile Include="MonsterStatCalc.cpp">
      <Filter>Source Files\Unit\Monster\MonStat</Filter>
    </ClCompile>
    <ClCompile Include="MonsterHerd.cpp">
      <Filter>Source Files\Unit\Monster\MonMove</Filter>
    </ClCompile>
    <ClCompile Include="MonsterAttr.cpp">
      <Filter>Source Files\Unit\Monster\MonAttribute</Filter>
    </ClCompile>
    <ClCompile Include="MonsterItemMng.cpp">
      <Filter>Source Files\Unit\Monster\MonItem</Filter>
    </ClCompile>
    <ClCompile Include="MonsterItemMngEx.cpp">
      <Filter>Source Files\Unit\Monster\MonItem</Filter>
    </ClCompile>
    <ClCompile Include="MonsterSetBase.cpp">
      <Filter>Source Files\Unit\Monster\MonBase</Filter>
    </ClCompile>
    <ClCompile Include="..\common\classdef.cpp">
      <Filter>Source Files\Unit\Character</Filter>
    </ClCompile>
    <ClCompile Include="ComboAttack.cpp">
      <Filter>Source Files\Unit\Character</Filter>
    </ClCompile>
    <ClCompile Include="ObjAttack.cpp">
      <Filter>Source Files\Unit\Character</Filter>
    </ClCompile>
    <ClCompile Include="ObjCalCharacter.cpp">
      <Filter>Source Files\Unit\Character</Filter>
    </ClCompile>
    <ClCompile Include="user.cpp">
      <Filter>Source Files\Unit\Character</Filter>
    </ClCompile>
    <ClCompile Include="NpcTalk.cpp">
      <Filter>Source Files\Unit\NPC</Filter>
    </ClCompile>
    <ClCompile Include="Shop.cpp">
      <Filter>Source Files\Unit\NPC</Filter>
    </ClCompile>
    <ClCompile Include="MagicDamage.cpp">
      <Filter>Source Files\Unit\Attack</Filter>
    </ClCompile>
    <ClCompile Include="MultiAttackHackCheck.cpp">
      <Filter>Source Files\Unit\Attack</Filter>
    </ClCompile>
    <ClCompile Include="ObjBaseAttack.cpp">
      <Filter>Source Files\Unit\Attack</Filter>
    </ClCompile>
    <ClCompile Include="ObjUseSkill.cpp">
      <Filter>Source Files\Unit\Attack</Filter>
    </ClCompile>
    <ClCompile Include="SkillAdditionInfo.cpp">
      <Filter>Source Files\Unit\Attack</Filter>
    </ClCompile>
    <ClCompile Include="SkillDelay.cpp">
      <Filter>Source Files\Unit\Attack</Filter>
    </ClCompile>
    <ClCompile Include="SkillHitBox.cpp">
      <Filter>Source Files\Unit\Attack</Filter>
    </ClCompile>
    <ClCompile Include="TDurMagicKeyChecker.cpp">
      <Filter>Source Files\Unit\Attack</Filter>
    </ClCompile>
    <ClCompile Include="..\pugixml\pugixml.cpp">
      <Filter>xmllib</Filter>
    </ClCompile>
    <ClCompile Include="SimpleModulus.cpp">
      <Filter>SimpleModulus</Filter>
    </ClCompile>
    <ClCompile Include="ZTLogger.cpp">
      <Filter>SimpleModulus\Scripting</Filter>
    </ClCompile>
    <ClCompile Include="ZTLuaBackup.cpp">
      <Filter>SimpleModulus\Scripting</Filter>
    </ClCompile>
    <ClCompile Include="SessionCryptor.cpp">
      <Filter>Source Files\Network</Filter>
    </ClCompile>
  </ItemGroup>
  <ItemGroup>
    <ClInclude Include="MiningSystem.h">
      <Filter>Source Files\Content\Mining</Filter>
    </ClInclude>
    <ClInclude Include="BloodCastle.h">
      <Filter>Source Files\Content\Events\BloodCastle</Filter>
    </ClInclude>
    <ClInclude Include="BattleGround.h">
      <Filter>Source Files\Content\Events\BattleSoccer</Filter>
    </ClInclude>
    <ClInclude Include="BattleSoccer.h">
      <Filter>Source Files\Content\Events\BattleSoccer</Filter>
    </ClInclude>
    <ClInclude Include="BattleSoccerManager.h">
      <Filter>Source Files\Content\Events\BattleSoccer</Filter>
    </ClInclude>
    <ClInclude Include="CannonTower.h">
      <Filter>Source Files\Content\Events\CastleSiege</Filter>
    </ClInclude>
    <ClInclude Include="CastleCrown.h">
      <Filter>Source Files\Content\Events\CastleSiege</Filter>
    </ClInclude>
    <ClInclude Include="CastleCrownSwitch.h">
      <Filter>Source Files\Content\Events\CastleSiege</Filter>
    </ClInclude>
    <ClInclude Include="CastleSiege.h">
      <Filter>Source Files\Content\Events\CastleSiege</Filter>
    </ClInclude>
    <ClInclude Include="CastleSiegeSync.h">
      <Filter>Source Files\Content\Events\CastleSiege</Filter>
    </ClInclude>
    <ClInclude Include="Guardian.h">
      <Filter>Source Files\Content\Events\CastleSiege</Filter>
    </ClInclude>
    <ClInclude Include="GuardianStatue.h">
      <Filter>Source Files\Content\Events\CastleSiege</Filter>
    </ClInclude>
    <ClInclude Include="LifeStone.h">
      <Filter>Source Files\Content\Events\CastleSiege</Filter>
    </ClInclude>
    <ClInclude Include="Mercenary.h">
      <Filter>Source Files\Content\Events\CastleSiege</Filter>
    </ClInclude>
    <ClInclude Include="Weapon.h">
      <Filter>Source Files\Content\Events\CastleSiege</Filter>
    </ClInclude>
    <ClInclude Include="Crywolf.h">
      <Filter>Source Files\Content\Events\Crywolf</Filter>
    </ClInclude>
    <ClInclude Include="CrywolfAltar.h">
      <Filter>Source Files\Content\Events\Crywolf</Filter>
    </ClInclude>
    <ClInclude Include="CrywolfDarkElf.h">
      <Filter>Source Files\Content\Events\Crywolf</Filter>
    </ClInclude>
    <ClInclude Include="CrywolfMonster.h">
      <Filter>Source Files\Content\Events\Crywolf</Filter>
    </ClInclude>
    <ClInclude Include="CrywolfObjInfo.h">
      <Filter>Source Files\Content\Events\Crywolf</Filter>
    </ClInclude>
    <ClInclude Include="CrywolfStateTimeInfo.h">
      <Filter>Source Files\Content\Events\Crywolf</Filter>
    </ClInclude>
    <ClInclude Include="CrywolfStatue.h">
      <Filter>Source Files\Content\Events\Crywolf</Filter>
    </ClInclude>
    <ClInclude Include="CrywolfSync.h">
      <Filter>Source Files\Content\Events\Crywolf</Filter>
    </ClInclude>
    <ClInclude Include="CrywolfTanker.h">
      <Filter>Source Files\Content\Events\Crywolf</Filter>
    </ClInclude>
    <ClInclude Include="CrywolfUtil.h">
      <Filter>Source Files\Content\Events\Crywolf</Filter>
    </ClInclude>
    <ClInclude Include="DoubleGoerEvent.h">
      <Filter>Source Files\Content\Events\Doppelganger</Filter>
    </ClInclude>
    <ClInclude Include="ImperialGuardian.h">
      <Filter>Source Files\Content\Events\ImperialGuardian</Filter>
    </ClInclude>
    <ClInclude Include="ImperialGuardianRewardExp.h">
      <Filter>Source Files\Content\Events\ImperialGuardian</Filter>
    </ClInclude>
    <ClInclude Include="Kanturu.h">
      <Filter>Source Files\Content\Events\Kanturu</Filter>
    </ClInclude>
    <ClInclude Include="KanturuBattleOfMaya.h">
      <Filter>Source Files\Content\Events\Kanturu</Filter>
    </ClInclude>
    <ClInclude Include="KanturuBattleOfNightmare.h">
      <Filter>Source Files\Content\Events\Kanturu</Filter>
    </ClInclude>
    <ClInclude Include="KanturuBattleStanby.h">
      <Filter>Source Files\Content\Events\Kanturu</Filter>
    </ClInclude>
    <ClInclude Include="KanturuBattleUser.h">
      <Filter>Source Files\Content\Events\Kanturu</Filter>
    </ClInclude>
    <ClInclude Include="KanturuBattleUserMng.h">
      <Filter>Source Files\Content\Events\Kanturu</Filter>
    </ClInclude>
    <ClInclude Include="KanturuEntranceNPC.h">
      <Filter>Source Files\Content\Events\Kanturu</Filter>
    </ClInclude>
    <ClInclude Include="KanturuMaya.h">
      <Filter>Source Files\Content\Events\Kanturu</Filter>
    </ClInclude>
    <ClInclude Include="KanturuMonsterMng.h">
      <Filter>Source Files\Content\Events\Kanturu</Filter>
    </ClInclude>
    <ClInclude Include="KanturuNightmare.h">
      <Filter>Source Files\Content\Events\Kanturu</Filter>
    </ClInclude>
    <ClInclude Include="KanturuObjInfo.h">
      <Filter>Source Files\Content\Events\Kanturu</Filter>
    </ClInclude>
    <ClInclude Include="KanturuStateInfo.h">
      <Filter>Source Files\Content\Events\Kanturu</Filter>
    </ClInclude>
    <ClInclude Include="KanturuTowerOfRefinement.h">
      <Filter>Source Files\Content\Events\Kanturu</Filter>
    </ClInclude>
    <ClInclude Include="KanturuUtil.h">
      <Filter>Source Files\Content\Events\Kanturu</Filter>
    </ClInclude>
    <ClInclude Include="Raklion.h">
      <Filter>Source Files\Content\Events\Raklion</Filter>
    </ClInclude>
    <ClInclude Include="RaklionBattleOfSelupan.h">
      <Filter>Source Files\Content\Events\Raklion</Filter>
    </ClInclude>
    <ClInclude Include="RaklionBattleUser.h">
      <Filter>Source Files\Content\Events\Raklion</Filter>
    </ClInclude>
    <ClInclude Include="RaklionBattleUserMng.h">
      <Filter>Source Files\Content\Events\Raklion</Filter>
    </ClInclude>
    <ClInclude Include="RaklionObjInfo.h">
      <Filter>Source Files\Content\Events\Raklion</Filter>
    </ClInclude>
    <ClInclude Include="RaklionSelupan.h">
      <Filter>Source Files\Content\Events\Raklion</Filter>
    </ClInclude>
    <ClInclude Include="RaklionUtil.h">
      <Filter>Source Files\Content\Events\Raklion</Filter>
    </ClInclude>
    <ClInclude Include="IllusionTempleEvent.h">
      <Filter>Source Files\Content\Events\IllusionTemple</Filter>
    </ClInclude>
    <ClInclude Include="IllusionTempleProcess.h">
      <Filter>Source Files\Content\Events\IllusionTemple</Filter>
    </ClInclude>
    <ClInclude Include="ChaosCastle.h">
      <Filter>Source Files\Content\Events\ChaosCastle</Filter>
    </ClInclude>
    <ClInclude Include="DevilSquare.h">
      <Filter>Source Files\Content\Events\DevilSquare</Filter>
    </ClInclude>
    <ClInclude Include="DevilSquareGround.h">
      <Filter>Source Files\Content\Events\DevilSquare</Filter>
    </ClInclude>
    <ClInclude Include="EledoradoEvent.h">
      <Filter>Source Files\Content\Events\GoldenInvasion</Filter>
    </ClInclude>
    <ClInclude Include="EventManagement.h">
      <Filter>Source Files\Content\Events\Management</Filter>
    </ClInclude>
    <ClInclude Include="RingAttackEvent.h">
      <Filter>Source Files\Content\Events\RingAttack</Filter>
    </ClInclude>
    <ClInclude Include="DragonEvent.h">
      <Filter>Source Files\Content\Events\DragonInvasion</Filter>
    </ClInclude>
    <ClInclude Include="XMasAttackEvent.h">
      <Filter>Source Files\Content\Events\XMasAttack</Filter>
    </ClInclude>
    <ClInclude Include="SnakeBegins.h">
      <Filter>Source Files\Content\Events\SnakeBegins</Filter>
    </ClInclude>
    <ClInclude Include="LuckyItem.h">
      <Filter>Source Files\Content\Events\LuckyItem</Filter>
    </ClInclude>
    <ClInclude Include="AttackEvent.h">
      <Filter>Source Files\Content\Events\AttackEvent</Filter>
    </ClInclude>
    <ClInclude Include="CastleDeepEvent.h">
      <Filter>Source Files\Content\Events\CastleDeep</Filter>
    </ClInclude>
    <ClInclude Include="KalimaGate.h">
      <Filter>Source Files\Content\Events\Kalima</Filter>
    </ClInclude>
    <ClInclude Include="EventItemBag.h">
      <Filter>Source Files\Content\Items</Filter>
    </ClInclude>
    <ClInclude Include="ItemAddOption.h">
      <Filter>Source Files\Content\Items</Filter>
    </ClInclude>
    <ClInclude Include="..\common\zzzitem.h">
      <Filter>Source Files\Content\Items</Filter>
    </ClInclude>
    <ClInclude Include="SocketItemOption.h">
      <Filter>Source Files\Content\Items\Socket</Filter>
    </ClInclude>
    <ClInclude Include="JewelOfHarmonySystem.h">
      <Filter>Source Files\Content\Items\Harmony</Filter>
    </ClInclude>
    <ClInclude Include="SetItemMacro.h">
      <Filter>Source Files\Content\Items\Ancient</Filter>
    </ClInclude>
    <ClInclude Include="..\common\SetItemOption.h">
      <Filter>Source Files\Content\Items\Ancient</Filter>
    </ClInclude>
    <ClInclude Include="ItemSystemFor380.h">
      <Filter>Source Files\Content\Items\PvP</Filter>
    </ClInclude>
    <ClInclude Include="ElementalSystem.h">
      <Filter>Source Files\Content\ElementSystem</Filter>
    </ClInclude>
    <ClInclude Include="DarkSpirit.h">
      <Filter>Source Files\Content\DarkSpirit</Filter>
    </ClInclude>
    <ClInclude Include="GuildClass.h">
      <Filter>Source Files\Content\Guild</Filter>
    </ClInclude>
    <ClInclude Include="TUnion.h">
      <Filter>Source Files\Content\Guild</Filter>
    </ClInclude>
    <ClInclude Include="TUnionInfo.h">
      <Filter>Source Files\Content\Guild</Filter>
    </ClInclude>
    <ClInclude Include="ViewportGuild.h">
      <Filter>Source Files\Content\Guild</Filter>
    </ClInclude>
    <ClInclude Include="GuildMatch.h">
      <Filter>Source Files\Content\Guild\GuildMatch</Filter>
    </ClInclude>
    <ClInclude Include="NewPVP.h">
      <Filter>Source Files\Content\NewPvP</Filter>
    </ClInclude>
    <ClInclude Include="Gambling.h">
      <Filter>Source Files\Content\Gambling</Filter>
    </ClInclude>
    <ClInclude Include="PartyClass.h">
      <Filter>Source Files\Content\Party</Filter>
    </ClInclude>
    <ClInclude Include="MasterLevelSkillTreeSystem.h">
      <Filter>Source Files\Content\MasterSystem</Filter>
    </ClInclude>
    <ClInclude Include="MasterSkillSystem.h">
      <Filter>Source Files\Content\MasterSystem</Filter>
    </ClInclude>
    <ClInclude Include="ShopBoard.h">
      <Filter>Source Files\Content\ShopBoard</Filter>
    </ClInclude>
    <ClInclude Include="BuffEffect.h">
      <Filter>Source Files\Content\Buffs</Filter>
    </ClInclude>
    <ClInclude Include="BuffEffectSlot.h">
      <Filter>Source Files\Content\Buffs</Filter>
    </ClInclude>
    <ClInclude Include="BuffScriptLoader.h">
      <Filter>Source Files\Content\Buffs</Filter>
    </ClInclude>
    <ClInclude Include="CashItemPeriodSystem.h">
      <Filter>Source Files\Content\CashShop</Filter>
    </ClInclude>
    <ClInclude Include="CashLotterySystem.h">
      <Filter>Source Files\Content\CashShop</Filter>
    </ClInclude>
    <ClInclude Include="CashShop.h">
      <Filter>Source Files\Content\CashShop</Filter>
    </ClInclude>
    <ClInclude Include="PCBangPointSystem.h">
      <Filter>Source Files\Content\CashShop</Filter>
    </ClInclude>
    <ClInclude Include="PCBangUserSystem.h">
      <Filter>Source Files\Content\CashShop</Filter>
    </ClInclude>
    <ClInclude Include="PCSProtocol.h">
      <Filter>Source Files\Content\CashShop</Filter>
    </ClInclude>
    <ClInclude Include="WhisperCash.h">
      <Filter>Source Files\Content\Chat</Filter>
    </ClInclude>
    <ClInclude Include="ChaosBox.h">
      <Filter>Source Files\Content\Crafting\ChaosMachine</Filter>
    </ClInclude>
    <ClInclude Include="JewelMixSystem.h">
      <Filter>Source Files\Content\Crafting\Jewels</Filter>
    </ClInclude>
    <ClInclude Include="Gate.h">
      <Filter>Source Files\Content\World</Filter>
    </ClInclude>
    <ClInclude Include="MapClass.h">
      <Filter>Source Files\Content\World</Filter>
    </ClInclude>
    <ClInclude Include="MapItem.h">
      <Filter>Source Files\Content\World</Filter>
    </ClInclude>
    <ClInclude Include="MapServerManager.h">
      <Filter>Source Files\Content\World</Filter>
    </ClInclude>
    <ClInclude Include="Minimap.h">
      <Filter>Source Files\Content\World</Filter>
    </ClInclude>
    <ClInclude Include="MoveCheck.h">
      <Filter>Source Files\Content\World</Filter>
    </ClInclude>
    <ClInclude Include="MoveCommand.h">
      <Filter>Source Files\Content\World</Filter>
    </ClInclude>
    <ClInclude Include="QuestInfo.h">
      <Filter>Source Files\Content\Quest</Filter>
    </ClInclude>
    <ClInclude Include="StatMng.h">
      <Filter>Source Files\Content\Quest</Filter>
    </ClInclude>
    <ClInclude Include="TemporaryUserManager.h">
      <Filter>Source Files\Content\TemporaryUserManager</Filter>
    </ClInclude>
    <ClInclude Include="MagicInf.h">
      <Filter>Source Files\Content\Magic</Filter>
    </ClInclude>
    <ClInclude Include="MUHelper.h">
      <Filter>Source Files\Content\MUHelper</Filter>
    </ClInclude>
    <ClInclude Include="MonsterSpawner.h">
      <Filter>Source Files\Custom</Filter>
    </ClInclude>
    <ClInclude Include="PvPBalance.h">
      <Filter>Source Files\Custom</Filter>
    </ClInclude>
    <ClInclude Include="StatGem.h">
      <Filter>Source Files\Custom\StatGem</Filter>
    </ClInclude>
    <ClInclude Include="DummyTarget.h">
      <Filter>Source Files\Custom\DummyTarget</Filter>
    </ClInclude>
    <ClInclude Include="ExPoint.h">
      <Filter>Source Files\Custom\ExPoint</Filter>
    </ClInclude>
    <ClInclude Include="SummonSpot.h">
      <Filter>Source Files\Custom\SummonSpot</Filter>
    </ClInclude>
    <ClInclude Include="SoulSystem.h">
      <Filter>Source Files\Custom\SoulSystem</Filter>
    </ClInclude>
    <ClInclude Include="ClassCalc.h">
      <Filter>Source Files\Custom\ClassCalc</Filter>
    </ClInclude>
    <ClInclude Include="CustomManager.h">
      <Filter>Source Files\Custom\CustomManager</Filter>
    </ClInclude>
    <ClInclude Include="ItemDropRate.h">
      <Filter>Source Files\Custom\ItemDropRate</Filter>
    </ClInclude>
    <ClInclude Include="ItemPrice.h">
      <Filter>Source Files\Custom\ItemPrice</Filter>
    </ClInclude>
    <ClInclude Include="Notice.h">
      <Filter>Source Files\Custom\Notice</Filter>
    </ClInclude>
    <ClInclude Include="UserDieItemDrop.h">
      <Filter>Source Files\Custom\UserDieItemDrop</Filter>
    </ClInclude>
    <ClInclude Include="ExtraClassBalance.h">
      <Filter>Source Files\Custom\ExtraClassBalance</Filter>
    </ClInclude>
    <ClInclude Include="MapRateInfo.h">
      <Filter>Source Files\Custom\MapRateInfo</Filter>
    </ClInclude>
    <ClInclude Include="CommandManager.h">
      <Filter>Source Files\Custom\CommandManager</Filter>
    </ClInclude>
    <ClInclude Include="BuffSkillEffect.h">
      <Filter>Source Files\Custom\BuffSkillEffect</Filter>
    </ClInclude>
    <ClInclude Include="ChaosMachineManager.h">
      <Filter>Source Files\Custom\ChaosMachineManager</Filter>
    </ClInclude>
    <ClInclude Include="Achievements.h">
      <Filter>Source Files\Custom\Achievements</Filter>
    </ClInclude>
    <ClInclude Include="ShopPointEx.h">
      <Filter>Source Files\Custom\ShopPointEx</Filter>
    </ClInclude>
    <ClInclude Include="ResetSystem.h">
      <Filter>Source Files\Custom\ResetSystem</Filter>
    </ClInclude>
    <ClInclude Include="MultiWareHouseSystem.h">
      <Filter>Source Files\Custom\MultiWarehouse</Filter>
    </ClInclude>
    <ClInclude Include="Reconnect.h">
      <Filter>Source Files\Custom\Reconnect</Filter>
    </ClInclude>
    <ClInclude Include="PaymentEx.h">
      <Filter>Source Files\Custom\PaymentEx</Filter>
    </ClInclude>
    <ClInclude Include="ItemUpgradeJewels.h">
      <Filter>Source Files\Custom\ItemUpgradeJewels</Filter>
    </ClInclude>
    <ClInclude Include="OfflineTrade.h">
      <Filter>Source Files\Custom\OfflineTrade</Filter>
    </ClInclude>
    <ClInclude Include="HardcoreMode.h">
      <Filter>Source Files\Custom\HardcoreMode</Filter>
    </ClInclude>
    <ClInclude Include="MonsterMoneyDrop.h">
      <Filter>Source Files\Custom\MonsterMoneyDrop</Filter>
    </ClInclude>
    <ClInclude Include="ItemWingsOption.h">
      <Filter>Source Files\Custom\ItemWingsOption</Filter>
    </ClInclude>
    <ClInclude Include="ItemExcellentOption.h">
      <Filter>Source Files\Custom\ItemExcellentOption</Filter>
    </ClInclude>
    <ClInclude Include="CLoginCount.h">
      <Filter>Source Files\Network</Filter>
    </ClInclude>
    <ClInclude Include="ClosePlayer.h">
      <Filter>Source Files\Network</Filter>
    </ClInclude>
    <ClInclude Include="ConMember.h">
      <Filter>Source Files\Network</Filter>
    </ClInclude>
    <ClInclude Include="DbSave.h">
      <Filter>Source Files\Network</Filter>
    </ClInclude>
    <ClInclude Include="DBSockMng.h">
      <Filter>Source Files\Network</Filter>
    </ClInclude>
    <ClInclude Include="IpCache.h">
      <Filter>Source Files\Network</Filter>
    </ClInclude>
    <ClInclude Include="..\common\MyWinsockBase.h">
      <Filter>Source Files\Network</Filter>
    </ClInclude>
    <ClInclude Include="NSerialCheck.h">
      <Filter>Source Files\Network</Filter>
    </ClInclude>
    <ClInclude Include="PacketCheckSum.h">
      <Filter>Source Files\Network</Filter>
    </ClInclude>
    <ClInclude Include="spe.h">
      <Filter>Source Files\Network</Filter>
    </ClInclude>
    <ClInclude Include="wsGameServer.h">
      <Filter>Source Files\Network</Filter>
    </ClInclude>
    <ClInclude Include="wsJoinServerCli.h">
      <Filter>Source Files\Network</Filter>
    </ClInclude>
    <ClInclude Include="wsShopServerCli.h">
      <Filter>Source Files\Network</Filter>
    </ClInclude>
    <ClInclude Include="WzQueue.h">
      <Filter>Source Files\Network</Filter>
    </ClInclude>
    <ClInclude Include="WzUdp.h">
      <Filter>Source Files\Network</Filter>
    </ClInclude>
    <ClInclude Include="..\include\prodef.h">
      <Filter>Source Files\Network\Protocol</Filter>
    </ClInclude>
    <ClInclude Include="ZTProtocol.hpp">
      <Filter>Source Files\Network\Protocol</Filter>
    </ClInclude>
    <ClInclude Include="protocol.h">
      <Filter>Source Files\Network\Protocol\Client</Filter>
    </ClInclude>
    <ClInclude Include="DSProtocol.h">
      <Filter>Source Files\Network\Protocol\DataServer</Filter>
    </ClInclude>
    <ClInclude Include="SProtocol.h">
      <Filter>Source Files\Network\Protocol\JoinServer</Filter>
    </ClInclude>
    <ClInclude Include="EDSProtocol.h">
      <Filter>Source Files\Network\Protocol\ExDBServer</Filter>
    </ClInclude>
    <ClInclude Include="Event.h">
      <Filter>Source Files\Network\Protocol\EventServer</Filter>
    </ClInclude>
    <ClInclude Include="giocp.h">
      <Filter>Source Files\Network\IOCP</Filter>
    </ClInclude>
    <ClInclude Include="CWhatsUpDummyServer.h">
      <Filter>Source Files\Util</Filter>
    </ClInclude>
    <ClInclude Include="dirpath.h">
      <Filter>Source Files\Util</Filter>
    </ClInclude>
    <ClInclude Include="mutimer.h">
      <Filter>Source Files\Util</Filter>
    </ClInclude>
    <ClInclude Include="queuetimer.h">
      <Filter>Source Files\Util</Filter>
    </ClInclude>
    <ClInclude Include="TNotice.h">
      <Filter>Source Files\Util</Filter>
    </ClInclude>
    <ClInclude Include="TServerInfoDisplayer.h">
      <Filter>Source Files\Util</Filter>
    </ClInclude>
    <ClInclude Include="..\common\TSync.h">
      <Filter>Source Files\Util</Filter>
    </ClInclude>
    <ClInclude Include="..\common\winutil.h">
      <Filter>Source Files\Util</Filter>
    </ClInclude>
    <ClInclude Include="ZTHelper.hpp">
      <Filter>Source Files\Util</Filter>
    </ClInclude>
    <ClInclude Include="..\common\zzzpath.h">
      <Filter>Source Files\Util</Filter>
    </ClInclude>
    <ClInclude Include="Message.h">
      <Filter>Source Files\Util\Message</Filter>
    </ClInclude>
    <ClInclude Include="CallStackTrace.h">
      <Filter>Source Files\Util\Debug</Filter>
    </ClInclude>
    <ClInclude Include="MuLua.h">
      <Filter>Source Files\Util\Scripting</Filter>
    </ClInclude>
    <ClInclude Include="..\include\Readscript.h">
      <Filter>Source Files\Util\Scripting</Filter>
    </ClInclude>
    <ClInclude Include="..\common\WzMemScript.h">
      <Filter>Source Files\Util\Scripting</Filter>
    </ClInclude>
    <ClInclude Include="..\common\WZScriptEncode.h">
      <Filter>Source Files\Util\Scripting</Filter>
    </ClInclude>
    <ClInclude Include="LargeRand.h">
      <Filter>Source Files\Util\Math</Filter>
    </ClInclude>
    <ClInclude Include="TRandomPoolMgr.h">
      <Filter>Source Files\Util\Math</Filter>
    </ClInclude>
    <ClInclude Include="zzzmathlib.h">
      <Filter>Source Files\Util\Math</Filter>
    </ClInclude>
    <ClInclude Include="logproc.h">
      <Filter>Source Files\Util\Log</Filter>
    </ClInclude>
    <ClInclude Include="LogToFile.h">
      <Filter>Source Files\Util\Log</Filter>
    </ClInclude>
    <ClInclude Include="CheatGuard.h">
      <Filter>Source Files\CheatGuard</Filter>
    </ClInclude>
    <ClInclude Include="AcheronEvent.h">
      <Filter>Source Files\Decompile</Filter>
    </ClInclude>
    <ClInclude Include="ArcaBattle.h">
      <Filter>Source Files\Decompile</Filter>
    </ClInclude>
    <ClInclude Include="ArcaBattleProtocol.h">
      <Filter>Source Files\Decompile</Filter>
    </ClInclude>
    <ClInclude Include="MuRummy.h">
      <Filter>Source Files\Decompile</Filter>
    </ClInclude>
    <ClInclude Include="MuRummyProtocol.h">
      <Filter>Source Files\Decompile</Filter>
    </ClInclude>
    <ClInclude Include="MuunSystem.h">
      <Filter>Source Files\Decompile\Muun</Filter>
    </ClInclude>
    <ClInclude Include="MuunSystemProtocol.h">
      <Filter>Source Files\Decompile\Muun</Filter>
    </ClInclude>
    <ClInclude Include="gObjMonster.h">
      <Filter>Source Files\Unit\Monster</Filter>
    </ClInclude>
    <ClInclude Include="TSkillElement.h">
      <Filter>Source Files\Unit\Monster</Filter>
    </ClInclude>
    <ClInclude Include="TMonsterAI.h">
      <Filter>Source Files\Unit\Monster\MonAI</Filter>
    </ClInclude>
    <ClInclude Include="TMonsterAIAgro.h">
      <Filter>Source Files\Unit\Monster\MonAI</Filter>
    </ClInclude>
    <ClInclude Include="TMonsterAIAutomata.h">
      <Filter>Source Files\Unit\Monster\MonAI</Filter>
    </ClInclude>
    <ClInclude Include="TMonsterAIElement.h">
      <Filter>Source Files\Unit\Monster\MonAI</Filter>
    </ClInclude>
    <ClInclude Include="TMonsterAIGroup.h">
      <Filter>Source Files\Unit\Monster\MonAI</Filter>
    </ClInclude>
    <ClInclude Include="TMonsterAIGroupMember.h">
      <Filter>Source Files\Unit\Monster\MonAI</Filter>
    </ClInclude>
    <ClInclude Include="TMonsterAIMovePath.h">
      <Filter>Source Files\Unit\Monster\MonAI</Filter>
    </ClInclude>
    <ClInclude Include="TMonsterAIState.h">
      <Filter>Source Files\Unit\Monster\MonAI</Filter>
    </ClInclude>
    <ClInclude Include="TMonsterAIUnit.h">
      <Filter>Source Files\Unit\Monster\MonAI</Filter>
    </ClInclude>
    <ClInclude Include="TMonsterAIUtil.h">
      <Filter>Source Files\Unit\Monster\MonAI</Filter>
    </ClInclude>
    <ClInclude Include="TMonsterSkillElement.h">
      <Filter>Source Files\Unit\Monster\MonSkill</Filter>
    </ClInclude>
    <ClInclude Include="TMonsterSkillElementInfo.h">
      <Filter>Source Files\Unit\Monster\MonSkill</Filter>
    </ClInclude>
    <ClInclude Include="TMonsterSkillInfo.h">
      <Filter>Source Files\Unit\Monster\MonSkill</Filter>
    </ClInclude>
    <ClInclude Include="TMonsterSkillManager.h">
      <Filter>Source Files\Unit\Monster\MonSkill</Filter>
    </ClInclude>
    <ClInclude Include="TMonsterSkillUnit.h">
      <Filter>Source Files\Unit\Monster\MonSkill</Filter>
    </ClInclude>
    <ClInclude Include="MonsterStatCalc.h">
      <Filter>Source Files\Unit\Monster\MonStat</Filter>
    </ClInclude>
    <ClInclude Include="MonsterHerd.h">
      <Filter>Source Files\Unit\Monster\MonMove</Filter>
    </ClInclude>
    <ClInclude Include="MonsterAttr.h">
      <Filter>Source Files\Unit\Monster\MonAttribute</Filter>
    </ClInclude>
    <ClInclude Include="MonsterItemMng.h">
      <Filter>Source Files\Unit\Monster\MonItem</Filter>
    </ClInclude>
    <ClInclude Include="MonsterItemMngEx.h">
      <Filter>Source Files\Unit\Monster\MonItem</Filter>
    </ClInclude>
    <ClInclude Include="MonsterSetBase.h">
      <Filter>Source Files\Unit\Monster\MonBase</Filter>
    </ClInclude>
    <ClInclude Include="..\common\classdef.h">
      <Filter>Source Files\Unit\Character</Filter>
    </ClInclude>
    <ClInclude Include="ComboAttack.h">
      <Filter>Source Files\Unit\Character</Filter>
    </ClInclude>
    <ClInclude Include="ObjAttack.h">
      <Filter>Source Files\Unit\Character</Filter>
    </ClInclude>
    <ClInclude Include="ObjCalCharacter.h">
      <Filter>Source Files\Unit\Character</Filter>
    </ClInclude>
    <ClInclude Include="user.h">
      <Filter>Source Files\Unit\Character</Filter>
    </ClInclude>
    <ClInclude Include="NpcTalk.h">
      <Filter>Source Files\Unit\NPC</Filter>
    </ClInclude>
    <ClInclude Include="Shop.h">
      <Filter>Source Files\Unit\NPC</Filter>
    </ClInclude>
    <ClInclude Include="MagicDamage.h">
      <Filter>Source Files\Unit\Attack</Filter>
    </ClInclude>
    <ClInclude Include="MultiAttackHackCheck.h">
      <Filter>Source Files\Unit\Attack</Filter>
    </ClInclude>
    <ClInclude Include="ObjBaseAttack.h">
      <Filter>Source Files\Unit\Attack</Filter>
    </ClInclude>
    <ClInclude Include="ObjUseSkill.h">
      <Filter>Source Files\Unit\Attack</Filter>
    </ClInclude>
    <ClInclude Include="SkillAdditionInfo.h">
      <Filter>Source Files\Unit\Attack</Filter>
    </ClInclude>
    <ClInclude Include="SkillDelay.h">
      <Filter>Source Files\Unit\Attack</Filter>
    </ClInclude>
    <ClInclude Include="SkillHitBox.h">
      <Filter>Source Files\Unit\Attack</Filter>
    </ClInclude>
    <ClInclude Include="TDurMagicKeyChecker.h">
      <Filter>Source Files\Unit\Attack</Filter>
    </ClInclude>
    <ClInclude Include="GameEvent.h">
      <Filter>Header Files</Filter>
    </ClInclude>
    <ClInclude Include="GameMain.h">
      <Filter>Header Files</Filter>
    </ClInclude>
    <ClInclude Include="GameServer.h">
      <Filter>Header Files</Filter>
    </ClInclude>
    <ClInclude Include="resource.h">
      <Filter>Header Files</Filter>
    </ClInclude>
    <ClInclude Include="StdAfx.h">
      <Filter>Header Files</Filter>
    </ClInclude>
    <ClInclude Include="..\pugixml\pugiconfig.hpp">
      <Filter>xmllib</Filter>
    </ClInclude>
    <ClInclude Include="..\pugixml\pugixml.hpp">
      <Filter>xmllib</Filter>
    </ClInclude>
    <ClInclude Include="..\WinLicense\Include\SecureEngineCustomVMs.h">
      <Filter>WinLicense</Filter>
    </ClInclude>
    <ClInclude Include="..\WinLicense\Include\SecureEngineCustomVMs_VC_inline.h">
      <Filter>WinLicense</Filter>
    </ClInclude>
    <ClInclude Include="..\WinLicense\Include\SecureEngineSDK.h">
      <Filter>WinLicense</Filter>
    </ClInclude>
    <ClInclude Include="..\WinLicense\Include\WinlicenseSDK.h">
      <Filter>WinLicense</Filter>
    </ClInclude>
    <ClInclude Include="SimpleModulus.h">
      <Filter>SimpleModulus</Filter>
    </ClInclude>
    <ClInclude Include="ZTExpress.h">
      <Filter>SimpleModulus\Scripting</Filter>
    </ClInclude>
    <ClInclude Include="ZTLogger.h">
      <Filter>SimpleModulus\Scripting</Filter>
    </ClInclude>
    <ClInclude Include="ZTLuaBackup.h">
      <Filter>SimpleModulus\Scripting</Filter>
    </ClInclude>
    <ClInclude Include="ZTLuaManager.h">
      <Filter>SimpleModulus\Scripting</Filter>
    </ClInclude>
    <ClInclude Include="ZTGlobal.h">
      <Filter>SimpleModulus\Scripting\Export</Filter>
    </ClInclude>
    <ClInclude Include="ZTLuaItem.h">
      <Filter>SimpleModulus\Scripting\Export</Filter>
    </ClInclude>
    <ClInclude Include="ZTLuaUnit.h">
      <Filter>SimpleModulus\Scripting\Export</Filter>
    </ClInclude>
    <ClInclude Include="ZTLuaUtil.h">
      <Filter>SimpleModulus\Scripting\Export</Filter>
    </ClInclude>
    <ClInclude Include="VMProtectSDK.h">
      <Filter>VMProtect</Filter>
    </ClInclude>
    <ClInclude Include="Define.h">
      <Filter>Header Files</Filter>
    </ClInclude>
    <ClInclude Include="SessionCryptor.h">
      <Filter>Source Files\Network</Filter>
    </ClInclude>
  </ItemGroup>
  <ItemGroup>
    <Image Include="bitmap.bmp">
      <Filter>Resource Files</Filter>
    </Image>
    <Image Include="OpenMu.ico">
      <Filter>Resource Files</Filter>
    </Image>
    <Image Include="OpenMu-small.ico">
      <Filter>Resource Files</Filter>
    </Image>
  </ItemGroup>
  <ItemGroup>
    <ResourceCompile Include="GameServer.rc">
      <Filter>Resource Files</Filter>
    </ResourceCompile>
  </ItemGroup>
  <ItemGroup>
    <Text Include="..\Documentation\ChangeLog.txt" />
  </ItemGroup>
  <ItemGroup>
    <Library Include="..\GGSvr\Release\GGSvr.lib" />
  </ItemGroup>
</Project>