
Microsoft Visual Studio Solution File, Format Version 12.00
# Visual Studio 14
VisualStudioVersion = 14.0.24720.0
MinimumVisualStudioVersion = 10.0.40219.1
Project("{FAE04EC0-301F-11D3-BF4B-00C04F79EFBC}") = "OpenMuDBManager", "OpenMuDBManager\Source\OpenMuDBManager.csproj", "{91A38A26-5926-49A2-AE54-23CCD4D5CE44}"
EndProject
Project("{FAE04EC0-301F-11D3-BF4B-00C04F79EFBC}") = "OpenMuFileManager", "OpenMuFileManager\Source\OpenMuFileManager.csproj", "{102D2EDB-C538-4A38-B29D-AD43CF810073}"
EndProject
Project("{8BC9CEB8-8B4A-11D0-8D11-00A0C91BC942}") = "OpenMuLauncher", "OpenMuLoader\source\OpenMuLauncher.vcxproj", "{F4979D2C-F475-40E9-A871-2443091A7479}"
EndProject
Project("{8BC9CEB8-8B4A-11D0-8D11-00A0C91BC942}") = "OpenMu-CS", "OpenMu-CS\source\OpenMu-CS.vcxproj", "{F04BD9DF-BA64-429F-8ECD-BC4F8E37B6E4}"
EndProject
Project("{8BC9CEB8-8B4A-11D0-8D11-00A0C91BC942}") = "OpenMu-MS", "OpenMu-MS\Source\OpenMu-MS.vcxproj", "{87496236-FEBA-4590-B344-FFED6FD81E69}"
EndProject
Project("{2150E333-8FDC-42A3-9474-1A3956D46DE8}") = "OpenMu-GS", "OpenMu-GS", "{251B44BF-24EA-4C04-BB66-BF8F312C5703}"
EndProject
Project("{8BC9CEB8-8B4A-11D0-8D11-00A0C91BC942}") = "OpenMu-GS", "OpenMu-GS\Source\OpenMu-GS.vcxproj", "{D8F84332-3698-469B-BDD5-C10F3C92305D}"
EndProject
Project("{8BC9CEB8-8B4A-11D0-8D11-00A0C91BC942}") = "cryptlib", "OpenMu-GS\crypto\cryptlib.vcxproj", "{3423EC9A-52E4-4A4D-9753-EDEBC38785EF}"
EndProject
Project("{8BC9CEB8-8B4A-11D0-8D11-00A0C91BC942}") = "GGSvr", "OpenMu-GS\GGSvr\GGSvr.vcxproj", "{6F246802-65EE-486E-A2CE-5A2AC7374DBC}"
EndProject
Project("{8BC9CEB8-8B4A-11D0-8D11-00A0C91BC942}") = "OpenMu-Main-DLL-Hook", "OpenMu-Main\source\OpenMu-Main.vcxproj", "{A642F105-652A-494A-838C-8BBEDB30C770}"
EndProject
Global
	GlobalSection(SolutionConfigurationPlatforms) = preSolution
		Debug|Any CPU = Debug|Any CPU
		Debug|x64 = Debug|x64
		Debug|x86 = Debug|x86
		DLL-Import Debug|Any CPU = DLL-Import Debug|Any CPU
		DLL-Import Debug|x64 = DLL-Import Debug|x64
		DLL-Import Debug|x86 = DLL-Import Debug|x86
		DLL-Import Release|Any CPU = DLL-Import Release|Any CPU
		DLL-Import Release|x64 = DLL-Import Release|x64
		DLL-Import Release|x86 = DLL-Import Release|x86
		ONLYMU|Any CPU = ONLYMU|Any CPU
		ONLYMU|x64 = ONLYMU|x64
		ONLYMU|x86 = ONLYMU|x86
		Release|Any CPU = Release|Any CPU
		Release|x64 = Release|x64
		Release|x86 = Release|x86
	EndGlobalSection
	GlobalSection(ProjectConfigurationPlatforms) = postSolution
		{91A38A26-5926-49A2-AE54-23CCD4D5CE44}.Debug|Any CPU.ActiveCfg = Debug|Any CPU
		{91A38A26-5926-49A2-AE54-23CCD4D5CE44}.Debug|Any CPU.Build.0 = Debug|Any CPU
		{91A38A26-5926-49A2-AE54-23CCD4D5CE44}.Debug|x64.ActiveCfg = Debug|Any CPU
		{91A38A26-5926-49A2-AE54-23CCD4D5CE44}.Debug|x64.Build.0 = Debug|Any CPU
		{91A38A26-5926-49A2-AE54-23CCD4D5CE44}.Debug|x86.ActiveCfg = Debug|x86
		{91A38A26-5926-49A2-AE54-23CCD4D5CE44}.Debug|x86.Build.0 = Debug|x86
		{91A38A26-5926-49A2-AE54-23CCD4D5CE44}.DLL-Import Debug|Any CPU.ActiveCfg = Debug|Any CPU
		{91A38A26-5926-49A2-AE54-23CCD4D5CE44}.DLL-Import Debug|Any CPU.Build.0 = Debug|Any CPU
		{91A38A26-5926-49A2-AE54-23CCD4D5CE44}.DLL-Import Debug|x64.ActiveCfg = Debug|Any CPU
		{91A38A26-5926-49A2-AE54-23CCD4D5CE44}.DLL-Import Debug|x64.Build.0 = Debug|Any CPU
		{91A38A26-5926-49A2-AE54-23CCD4D5CE44}.DLL-Import Debug|x86.ActiveCfg = Debug|x86
		{91A38A26-5926-49A2-AE54-23CCD4D5CE44}.DLL-Import Debug|x86.Build.0 = Debug|x86
		{91A38A26-5926-49A2-AE54-23CCD4D5CE44}.DLL-Import Release|Any CPU.ActiveCfg = Release|Any CPU
		{91A38A26-5926-49A2-AE54-23CCD4D5CE44}.DLL-Import Release|Any CPU.Build.0 = Release|Any CPU
		{91A38A26-5926-49A2-AE54-23CCD4D5CE44}.DLL-Import Release|x64.ActiveCfg = Release|Any CPU
		{91A38A26-5926-49A2-AE54-23CCD4D5CE44}.DLL-Import Release|x64.Build.0 = Release|Any CPU
		{91A38A26-5926-49A2-AE54-23CCD4D5CE44}.DLL-Import Release|x86.ActiveCfg = Release|x86
		{91A38A26-5926-49A2-AE54-23CCD4D5CE44}.DLL-Import Release|x86.Build.0 = Release|x86
		{91A38A26-5926-49A2-AE54-23CCD4D5CE44}.ONLYMU|Any CPU.ActiveCfg = Release|Any CPU
		{91A38A26-5926-49A2-AE54-23CCD4D5CE44}.ONLYMU|Any CPU.Build.0 = Release|Any CPU
		{91A38A26-5926-49A2-AE54-23CCD4D5CE44}.ONLYMU|x64.ActiveCfg = Release|Any CPU
		{91A38A26-5926-49A2-AE54-23CCD4D5CE44}.ONLYMU|x64.Build.0 = Release|Any CPU
		{91A38A26-5926-49A2-AE54-23CCD4D5CE44}.ONLYMU|x86.ActiveCfg = Release|x86
		{91A38A26-5926-49A2-AE54-23CCD4D5CE44}.ONLYMU|x86.Build.0 = Release|x86
		{91A38A26-5926-49A2-AE54-23CCD4D5CE44}.Release|Any CPU.ActiveCfg = Release|Any CPU
		{91A38A26-5926-49A2-AE54-23CCD4D5CE44}.Release|Any CPU.Build.0 = Release|Any CPU
		{91A38A26-5926-49A2-AE54-23CCD4D5CE44}.Release|x64.ActiveCfg = Release|Any CPU
		{91A38A26-5926-49A2-AE54-23CCD4D5CE44}.Release|x64.Build.0 = Release|Any CPU
		{91A38A26-5926-49A2-AE54-23CCD4D5CE44}.Release|x86.ActiveCfg = Release|x86
		{91A38A26-5926-49A2-AE54-23CCD4D5CE44}.Release|x86.Build.0 = Release|x86
		{102D2EDB-C538-4A38-B29D-AD43CF810073}.Debug|Any CPU.ActiveCfg = Debug|x86
		{102D2EDB-C538-4A38-B29D-AD43CF810073}.Debug|x64.ActiveCfg = Debug|x86
		{102D2EDB-C538-4A38-B29D-AD43CF810073}.Debug|x86.ActiveCfg = Debug|x86
		{102D2EDB-C538-4A38-B29D-AD43CF810073}.Debug|x86.Build.0 = Debug|x86
		{102D2EDB-C538-4A38-B29D-AD43CF810073}.DLL-Import Debug|Any CPU.ActiveCfg = Release|x86
		{102D2EDB-C538-4A38-B29D-AD43CF810073}.DLL-Import Debug|Any CPU.Build.0 = Release|x86
		{102D2EDB-C538-4A38-B29D-AD43CF810073}.DLL-Import Debug|x64.ActiveCfg = Release|x86
		{102D2EDB-C538-4A38-B29D-AD43CF810073}.DLL-Import Debug|x64.Build.0 = Release|x86
		{102D2EDB-C538-4A38-B29D-AD43CF810073}.DLL-Import Debug|x86.ActiveCfg = Debug|x86
		{102D2EDB-C538-4A38-B29D-AD43CF810073}.DLL-Import Debug|x86.Build.0 = Debug|x86
		{102D2EDB-C538-4A38-B29D-AD43CF810073}.DLL-Import Release|Any CPU.ActiveCfg = Release|x86
		{102D2EDB-C538-4A38-B29D-AD43CF810073}.DLL-Import Release|Any CPU.Build.0 = Release|x86
		{102D2EDB-C538-4A38-B29D-AD43CF810073}.DLL-Import Release|x64.ActiveCfg = Release|x86
		{102D2EDB-C538-4A38-B29D-AD43CF810073}.DLL-Import Release|x64.Build.0 = Release|x86
		{102D2EDB-C538-4A38-B29D-AD43CF810073}.DLL-Import Release|x86.ActiveCfg = Release|x86
		{102D2EDB-C538-4A38-B29D-AD43CF810073}.DLL-Import Release|x86.Build.0 = Release|x86
		{102D2EDB-C538-4A38-B29D-AD43CF810073}.ONLYMU|Any CPU.ActiveCfg = Release|x86
		{102D2EDB-C538-4A38-B29D-AD43CF810073}.ONLYMU|Any CPU.Build.0 = Release|x86
		{102D2EDB-C538-4A38-B29D-AD43CF810073}.ONLYMU|x64.ActiveCfg = Release|x86
		{102D2EDB-C538-4A38-B29D-AD43CF810073}.ONLYMU|x64.Build.0 = Release|x86
		{102D2EDB-C538-4A38-B29D-AD43CF810073}.ONLYMU|x86.ActiveCfg = Release|x86
		{102D2EDB-C538-4A38-B29D-AD43CF810073}.ONLYMU|x86.Build.0 = Release|x86
		{102D2EDB-C538-4A38-B29D-AD43CF810073}.Release|Any CPU.ActiveCfg = Release|x86
		{102D2EDB-C538-4A38-B29D-AD43CF810073}.Release|x64.ActiveCfg = Release|x86
		{102D2EDB-C538-4A38-B29D-AD43CF810073}.Release|x86.ActiveCfg = Release|x86
		{102D2EDB-C538-4A38-B29D-AD43CF810073}.Release|x86.Build.0 = Release|x86
		{F4979D2C-F475-40E9-A871-2443091A7479}.Debug|Any CPU.ActiveCfg = Debug|Win32
		{F4979D2C-F475-40E9-A871-2443091A7479}.Debug|x64.ActiveCfg = Debug|Win32
		{F4979D2C-F475-40E9-A871-2443091A7479}.Debug|x86.ActiveCfg = Debug|Win32
		{F4979D2C-F475-40E9-A871-2443091A7479}.Debug|x86.Build.0 = Debug|Win32
		{F4979D2C-F475-40E9-A871-2443091A7479}.DLL-Import Debug|Any CPU.ActiveCfg = Release|Win32
		{F4979D2C-F475-40E9-A871-2443091A7479}.DLL-Import Debug|Any CPU.Build.0 = Release|Win32
		{F4979D2C-F475-40E9-A871-2443091A7479}.DLL-Import Debug|x64.ActiveCfg = Release|Win32
		{F4979D2C-F475-40E9-A871-2443091A7479}.DLL-Import Debug|x64.Build.0 = Release|Win32
		{F4979D2C-F475-40E9-A871-2443091A7479}.DLL-Import Debug|x86.ActiveCfg = Debug|Win32
		{F4979D2C-F475-40E9-A871-2443091A7479}.DLL-Import Debug|x86.Build.0 = Debug|Win32
		{F4979D2C-F475-40E9-A871-2443091A7479}.DLL-Import Release|Any CPU.ActiveCfg = Release|Win32
		{F4979D2C-F475-40E9-A871-2443091A7479}.DLL-Import Release|Any CPU.Build.0 = Release|Win32
		{F4979D2C-F475-40E9-A871-2443091A7479}.DLL-Import Release|x64.ActiveCfg = Release|Win32
		{F4979D2C-F475-40E9-A871-2443091A7479}.DLL-Import Release|x64.Build.0 = Release|Win32
		{F4979D2C-F475-40E9-A871-2443091A7479}.DLL-Import Release|x86.ActiveCfg = Release|Win32
		{F4979D2C-F475-40E9-A871-2443091A7479}.DLL-Import Release|x86.Build.0 = Release|Win32
		{F4979D2C-F475-40E9-A871-2443091A7479}.ONLYMU|Any CPU.ActiveCfg = Release|Win32
		{F4979D2C-F475-40E9-A871-2443091A7479}.ONLYMU|Any CPU.Build.0 = Release|Win32
		{F4979D2C-F475-40E9-A871-2443091A7479}.ONLYMU|x64.ActiveCfg = Release|Win32
		{F4979D2C-F475-40E9-A871-2443091A7479}.ONLYMU|x64.Build.0 = Release|Win32
		{F4979D2C-F475-40E9-A871-2443091A7479}.ONLYMU|x86.ActiveCfg = Release|Win32
		{F4979D2C-F475-40E9-A871-2443091A7479}.ONLYMU|x86.Build.0 = Release|Win32
		{F4979D2C-F475-40E9-A871-2443091A7479}.Release|Any CPU.ActiveCfg = Release|Win32
		{F4979D2C-F475-40E9-A871-2443091A7479}.Release|x64.ActiveCfg = Release|Win32
		{F4979D2C-F475-40E9-A871-2443091A7479}.Release|x86.ActiveCfg = Release|Win32
		{F4979D2C-F475-40E9-A871-2443091A7479}.Release|x86.Build.0 = Release|Win32
		{F04BD9DF-BA64-429F-8ECD-BC4F8E37B6E4}.Debug|Any CPU.ActiveCfg = Debug|Win32
		{F04BD9DF-BA64-429F-8ECD-BC4F8E37B6E4}.Debug|x64.ActiveCfg = Debug|Win32
		{F04BD9DF-BA64-429F-8ECD-BC4F8E37B6E4}.Debug|x86.ActiveCfg = Debug|Win32
		{F04BD9DF-BA64-429F-8ECD-BC4F8E37B6E4}.Debug|x86.Build.0 = Debug|Win32
		{F04BD9DF-BA64-429F-8ECD-BC4F8E37B6E4}.DLL-Import Debug|Any CPU.ActiveCfg = Release|Win32
		{F04BD9DF-BA64-429F-8ECD-BC4F8E37B6E4}.DLL-Import Debug|Any CPU.Build.0 = Release|Win32
		{F04BD9DF-BA64-429F-8ECD-BC4F8E37B6E4}.DLL-Import Debug|x64.ActiveCfg = Release|Win32
		{F04BD9DF-BA64-429F-8ECD-BC4F8E37B6E4}.DLL-Import Debug|x64.Build.0 = Release|Win32
		{F04BD9DF-BA64-429F-8ECD-BC4F8E37B6E4}.DLL-Import Debug|x86.ActiveCfg = Debug|Win32
		{F04BD9DF-BA64-429F-8ECD-BC4F8E37B6E4}.DLL-Import Debug|x86.Build.0 = Debug|Win32
		{F04BD9DF-BA64-429F-8ECD-BC4F8E37B6E4}.DLL-Import Release|Any CPU.ActiveCfg = Release|Win32
		{F04BD9DF-BA64-429F-8ECD-BC4F8E37B6E4}.DLL-Import Release|Any CPU.Build.0 = Release|Win32
		{F04BD9DF-BA64-429F-8ECD-BC4F8E37B6E4}.DLL-Import Release|x64.ActiveCfg = Release|Win32
		{F04BD9DF-BA64-429F-8ECD-BC4F8E37B6E4}.DLL-Import Release|x64.Build.0 = Release|Win32
		{F04BD9DF-BA64-429F-8ECD-BC4F8E37B6E4}.DLL-Import Release|x86.ActiveCfg = Release|Win32
		{F04BD9DF-BA64-429F-8ECD-BC4F8E37B6E4}.DLL-Import Release|x86.Build.0 = Release|Win32
		{F04BD9DF-BA64-429F-8ECD-BC4F8E37B6E4}.ONLYMU|Any CPU.ActiveCfg = Release|Win32
		{F04BD9DF-BA64-429F-8ECD-BC4F8E37B6E4}.ONLYMU|Any CPU.Build.0 = Release|Win32
		{F04BD9DF-BA64-429F-8ECD-BC4F8E37B6E4}.ONLYMU|x64.ActiveCfg = Release|Win32
		{F04BD9DF-BA64-429F-8ECD-BC4F8E37B6E4}.ONLYMU|x64.Build.0 = Release|Win32
		{F04BD9DF-BA64-429F-8ECD-BC4F8E37B6E4}.ONLYMU|x86.ActiveCfg = Release|Win32
		{F04BD9DF-BA64-429F-8ECD-BC4F8E37B6E4}.ONLYMU|x86.Build.0 = Release|Win32
		{F04BD9DF-BA64-429F-8ECD-BC4F8E37B6E4}.Release|Any CPU.ActiveCfg = Release|Win32
		{F04BD9DF-BA64-429F-8ECD-BC4F8E37B6E4}.Release|x64.ActiveCfg = Release|Win32
		{F04BD9DF-BA64-429F-8ECD-BC4F8E37B6E4}.Release|x86.ActiveCfg = Release|Win32
		{F04BD9DF-BA64-429F-8ECD-BC4F8E37B6E4}.Release|x86.Build.0 = Release|Win32
		{87496236-FEBA-4590-B344-FFED6FD81E69}.Debug|Any CPU.ActiveCfg = Debug|Win32
		{87496236-FEBA-4590-B344-FFED6FD81E69}.Debug|x64.ActiveCfg = Debug|Win32
		{87496236-FEBA-4590-B344-FFED6FD81E69}.Debug|x86.ActiveCfg = Debug|Win32
		{87496236-FEBA-4590-B344-FFED6FD81E69}.Debug|x86.Build.0 = Debug|Win32
		{87496236-FEBA-4590-B344-FFED6FD81E69}.DLL-Import Debug|Any CPU.ActiveCfg = Release|Win32
		{87496236-FEBA-4590-B344-FFED6FD81E69}.DLL-Import Debug|Any CPU.Build.0 = Release|Win32
		{87496236-FEBA-4590-B344-FFED6FD81E69}.DLL-Import Debug|x64.ActiveCfg = Release|Win32
		{87496236-FEBA-4590-B344-FFED6FD81E69}.DLL-Import Debug|x64.Build.0 = Release|Win32
		{87496236-FEBA-4590-B344-FFED6FD81E69}.DLL-Import Debug|x86.ActiveCfg = Debug|Win32
		{87496236-FEBA-4590-B344-FFED6FD81E69}.DLL-Import Debug|x86.Build.0 = Debug|Win32
		{87496236-FEBA-4590-B344-FFED6FD81E69}.DLL-Import Release|Any CPU.ActiveCfg = Release|Win32
		{87496236-FEBA-4590-B344-FFED6FD81E69}.DLL-Import Release|Any CPU.Build.0 = Release|Win32
		{87496236-FEBA-4590-B344-FFED6FD81E69}.DLL-Import Release|x64.ActiveCfg = Release|Win32
		{87496236-FEBA-4590-B344-FFED6FD81E69}.DLL-Import Release|x64.Build.0 = Release|Win32
		{87496236-FEBA-4590-B344-FFED6FD81E69}.DLL-Import Release|x86.ActiveCfg = Release|Win32
		{87496236-FEBA-4590-B344-FFED6FD81E69}.DLL-Import Release|x86.Build.0 = Release|Win32
		{87496236-FEBA-4590-B344-FFED6FD81E69}.ONLYMU|Any CPU.ActiveCfg = Release|Win32
		{87496236-FEBA-4590-B344-FFED6FD81E69}.ONLYMU|Any CPU.Build.0 = Release|Win32
		{87496236-FEBA-4590-B344-FFED6FD81E69}.ONLYMU|x64.ActiveCfg = Release|Win32
		{87496236-FEBA-4590-B344-FFED6FD81E69}.ONLYMU|x64.Build.0 = Release|Win32
		{87496236-FEBA-4590-B344-FFED6FD81E69}.ONLYMU|x86.ActiveCfg = Release|Win32
		{87496236-FEBA-4590-B344-FFED6FD81E69}.ONLYMU|x86.Build.0 = Release|Win32
		{87496236-FEBA-4590-B344-FFED6FD81E69}.Release|Any CPU.ActiveCfg = Release|Win32
		{87496236-FEBA-4590-B344-FFED6FD81E69}.Release|x64.ActiveCfg = Release|Win32
		{87496236-FEBA-4590-B344-FFED6FD81E69}.Release|x86.ActiveCfg = Release|Win32
		{87496236-FEBA-4590-B344-FFED6FD81E69}.Release|x86.Build.0 = Release|Win32
		{D8F84332-3698-469B-BDD5-C10F3C92305D}.Debug|Any CPU.ActiveCfg = Debug|Win32
		{D8F84332-3698-469B-BDD5-C10F3C92305D}.Debug|x64.ActiveCfg = Debug|Win32
		{D8F84332-3698-469B-BDD5-C10F3C92305D}.Debug|x86.ActiveCfg = Debug|Win32
		{D8F84332-3698-469B-BDD5-C10F3C92305D}.Debug|x86.Build.0 = Debug|Win32
		{D8F84332-3698-469B-BDD5-C10F3C92305D}.DLL-Import Debug|Any CPU.ActiveCfg = Release|Win32
		{D8F84332-3698-469B-BDD5-C10F3C92305D}.DLL-Import Debug|Any CPU.Build.0 = Release|Win32
		{D8F84332-3698-469B-BDD5-C10F3C92305D}.DLL-Import Debug|x64.ActiveCfg = Release|Win32
		{D8F84332-3698-469B-BDD5-C10F3C92305D}.DLL-Import Debug|x64.Build.0 = Release|Win32
		{D8F84332-3698-469B-BDD5-C10F3C92305D}.DLL-Import Debug|x86.ActiveCfg = Debug|Win32
		{D8F84332-3698-469B-BDD5-C10F3C92305D}.DLL-Import Debug|x86.Build.0 = Debug|Win32
		{D8F84332-3698-469B-BDD5-C10F3C92305D}.DLL-Import Release|Any CPU.ActiveCfg = Release|Win32
		{D8F84332-3698-469B-BDD5-C10F3C92305D}.DLL-Import Release|Any CPU.Build.0 = Release|Win32
		{D8F84332-3698-469B-BDD5-C10F3C92305D}.DLL-Import Release|x64.ActiveCfg = Release|Win32
		{D8F84332-3698-469B-BDD5-C10F3C92305D}.DLL-Import Release|x64.Build.0 = Release|Win32
		{D8F84332-3698-469B-BDD5-C10F3C92305D}.DLL-Import Release|x86.ActiveCfg = Release|Win32
		{D8F84332-3698-469B-BDD5-C10F3C92305D}.DLL-Import Release|x86.Build.0 = Release|Win32
		{D8F84332-3698-469B-BDD5-C10F3C92305D}.ONLYMU|Any CPU.ActiveCfg = Release|Win32
		{D8F84332-3698-469B-BDD5-C10F3C92305D}.ONLYMU|Any CPU.Build.0 = Release|Win32
		{D8F84332-3698-469B-BDD5-C10F3C92305D}.ONLYMU|x64.ActiveCfg = Release|Win32
		{D8F84332-3698-469B-BDD5-C10F3C92305D}.ONLYMU|x64.Build.0 = Release|Win32
		{D8F84332-3698-469B-BDD5-C10F3C92305D}.ONLYMU|x86.ActiveCfg = Release|Win32
		{D8F84332-3698-469B-BDD5-C10F3C92305D}.ONLYMU|x86.Build.0 = Release|Win32
		{D8F84332-3698-469B-BDD5-C10F3C92305D}.Release|Any CPU.ActiveCfg = Release|Win32
		{D8F84332-3698-469B-BDD5-C10F3C92305D}.Release|x64.ActiveCfg = Release|Win32
		{D8F84332-3698-469B-BDD5-C10F3C92305D}.Release|x86.ActiveCfg = Release|Win32
		{D8F84332-3698-469B-BDD5-C10F3C92305D}.Release|x86.Build.0 = Release|Win32
		{3423EC9A-52E4-4A4D-9753-EDEBC38785EF}.Debug|Any CPU.ActiveCfg = Debug|Win32
		{3423EC9A-52E4-4A4D-9753-EDEBC38785EF}.Debug|x64.ActiveCfg = Debug|x64
		{3423EC9A-52E4-4A4D-9753-EDEBC38785EF}.Debug|x64.Build.0 = Debug|x64
		{3423EC9A-52E4-4A4D-9753-EDEBC38785EF}.Debug|x86.ActiveCfg = Debug|Win32
		{3423EC9A-52E4-4A4D-9753-EDEBC38785EF}.Debug|x86.Build.0 = Debug|Win32
		{3423EC9A-52E4-4A4D-9753-EDEBC38785EF}.DLL-Import Debug|Any CPU.ActiveCfg = DLL-Import Debug|Win32
		{3423EC9A-52E4-4A4D-9753-EDEBC38785EF}.DLL-Import Debug|x64.ActiveCfg = DLL-Import Debug|x64
		{3423EC9A-52E4-4A4D-9753-EDEBC38785EF}.DLL-Import Debug|x64.Build.0 = DLL-Import Debug|x64
		{3423EC9A-52E4-4A4D-9753-EDEBC38785EF}.DLL-Import Debug|x86.ActiveCfg = DLL-Import Debug|Win32
		{3423EC9A-52E4-4A4D-9753-EDEBC38785EF}.DLL-Import Debug|x86.Build.0 = DLL-Import Debug|Win32
		{3423EC9A-52E4-4A4D-9753-EDEBC38785EF}.DLL-Import Release|Any CPU.ActiveCfg = DLL-Import Release|Win32
		{3423EC9A-52E4-4A4D-9753-EDEBC38785EF}.DLL-Import Release|x64.ActiveCfg = DLL-Import Release|x64
		{3423EC9A-52E4-4A4D-9753-EDEBC38785EF}.DLL-Import Release|x64.Build.0 = DLL-Import Release|x64
		{3423EC9A-52E4-4A4D-9753-EDEBC38785EF}.DLL-Import Release|x86.ActiveCfg = DLL-Import Release|Win32
		{3423EC9A-52E4-4A4D-9753-EDEBC38785EF}.DLL-Import Release|x86.Build.0 = DLL-Import Release|Win32
		{3423EC9A-52E4-4A4D-9753-EDEBC38785EF}.ONLYMU|Any CPU.ActiveCfg = Release|x64
		{3423EC9A-52E4-4A4D-9753-EDEBC38785EF}.ONLYMU|Any CPU.Build.0 = Release|x64
		{3423EC9A-52E4-4A4D-9753-EDEBC38785EF}.ONLYMU|x64.ActiveCfg = Release|x64
		{3423EC9A-52E4-4A4D-9753-EDEBC38785EF}.ONLYMU|x64.Build.0 = Release|x64
		{3423EC9A-52E4-4A4D-9753-EDEBC38785EF}.ONLYMU|x86.ActiveCfg = Release|Win32
		{3423EC9A-52E4-4A4D-9753-EDEBC38785EF}.ONLYMU|x86.Build.0 = Release|Win32
		{3423EC9A-52E4-4A4D-9753-EDEBC38785EF}.Release|Any CPU.ActiveCfg = Release|Win32
		{3423EC9A-52E4-4A4D-9753-EDEBC38785EF}.Release|x64.ActiveCfg = Release|x64
		{3423EC9A-52E4-4A4D-9753-EDEBC38785EF}.Release|x64.Build.0 = Release|x64
		{3423EC9A-52E4-4A4D-9753-EDEBC38785EF}.Release|x86.ActiveCfg = Release|Win32
		{3423EC9A-52E4-4A4D-9753-EDEBC38785EF}.Release|x86.Build.0 = Release|Win32
		{6F246802-65EE-486E-A2CE-5A2AC7374DBC}.Debug|Any CPU.ActiveCfg = Debug|Win32
		{6F246802-65EE-486E-A2CE-5A2AC7374DBC}.Debug|x64.ActiveCfg = Debug|Win32
		{6F246802-65EE-486E-A2CE-5A2AC7374DBC}.Debug|x86.ActiveCfg = Debug|Win32
		{6F246802-65EE-486E-A2CE-5A2AC7374DBC}.Debug|x86.Build.0 = Debug|Win32
		{6F246802-65EE-486E-A2CE-5A2AC7374DBC}.DLL-Import Debug|Any CPU.ActiveCfg = Release|Win32
		{6F246802-65EE-486E-A2CE-5A2AC7374DBC}.DLL-Import Debug|Any CPU.Build.0 = Release|Win32
		{6F246802-65EE-486E-A2CE-5A2AC7374DBC}.DLL-Import Debug|x64.ActiveCfg = Release|Win32
		{6F246802-65EE-486E-A2CE-5A2AC7374DBC}.DLL-Import Debug|x64.Build.0 = Release|Win32
		{6F246802-65EE-486E-A2CE-5A2AC7374DBC}.DLL-Import Debug|x86.ActiveCfg = Debug|Win32
		{6F246802-65EE-486E-A2CE-5A2AC7374DBC}.DLL-Import Debug|x86.Build.0 = Debug|Win32
		{6F246802-65EE-486E-A2CE-5A2AC7374DBC}.DLL-Import Release|Any CPU.ActiveCfg = Release|Win32
		{6F246802-65EE-486E-A2CE-5A2AC7374DBC}.DLL-Import Release|Any CPU.Build.0 = Release|Win32
		{6F246802-65EE-486E-A2CE-5A2AC7374DBC}.DLL-Import Release|x64.ActiveCfg = Release|Win32
		{6F246802-65EE-486E-A2CE-5A2AC7374DBC}.DLL-Import Release|x64.Build.0 = Release|Win32
		{6F246802-65EE-486E-A2CE-5A2AC7374DBC}.DLL-Import Release|x86.ActiveCfg = Release|Win32
		{6F246802-65EE-486E-A2CE-5A2AC7374DBC}.DLL-Import Release|x86.Build.0 = Release|Win32
		{6F246802-65EE-486E-A2CE-5A2AC7374DBC}.ONLYMU|Any CPU.ActiveCfg = Release|Win32
		{6F246802-65EE-486E-A2CE-5A2AC7374DBC}.ONLYMU|Any CPU.Build.0 = Release|Win32
		{6F246802-65EE-486E-A2CE-5A2AC7374DBC}.ONLYMU|x64.ActiveCfg = Release|Win32
		{6F246802-65EE-486E-A2CE-5A2AC7374DBC}.ONLYMU|x64.Build.0 = Release|Win32
		{6F246802-65EE-486E-A2CE-5A2AC7374DBC}.ONLYMU|x86.ActiveCfg = Release|Win32
		{6F246802-65EE-486E-A2CE-5A2AC7374DBC}.ONLYMU|x86.Build.0 = Release|Win32
		{6F246802-65EE-486E-A2CE-5A2AC7374DBC}.Release|Any CPU.ActiveCfg = Release|Win32
		{6F246802-65EE-486E-A2CE-5A2AC7374DBC}.Release|x64.ActiveCfg = Release|Win32
		{6F246802-65EE-486E-A2CE-5A2AC7374DBC}.Release|x86.ActiveCfg = Release|Win32
		{6F246802-65EE-486E-A2CE-5A2AC7374DBC}.Release|x86.Build.0 = Release|Win32
		{A642F105-652A-494A-838C-8BBEDB30C770}.Debug|Any CPU.ActiveCfg = Debug|Win32
		{A642F105-652A-494A-838C-8BBEDB30C770}.Debug|x64.ActiveCfg = Debug|Win32
		{A642F105-652A-494A-838C-8BBEDB30C770}.Debug|x86.ActiveCfg = Debug|Win32
		{A642F105-652A-494A-838C-8BBEDB30C770}.Debug|x86.Build.0 = Debug|Win32
		{A642F105-652A-494A-838C-8BBEDB30C770}.DLL-Import Debug|Any CPU.ActiveCfg = Release|Win32
		{A642F105-652A-494A-838C-8BBEDB30C770}.DLL-Import Debug|Any CPU.Build.0 = Release|Win32
		{A642F105-652A-494A-838C-8BBEDB30C770}.DLL-Import Debug|x64.ActiveCfg = Release|Win32
		{A642F105-652A-494A-838C-8BBEDB30C770}.DLL-Import Debug|x64.Build.0 = Release|Win32
		{A642F105-652A-494A-838C-8BBEDB30C770}.DLL-Import Debug|x86.ActiveCfg = Debug|Win32
		{A642F105-652A-494A-838C-8BBEDB30C770}.DLL-Import Debug|x86.Build.0 = Debug|Win32
		{A642F105-652A-494A-838C-8BBEDB30C770}.DLL-Import Release|Any CPU.ActiveCfg = Release|Win32
		{A642F105-652A-494A-838C-8BBEDB30C770}.DLL-Import Release|Any CPU.Build.0 = Release|Win32
		{A642F105-652A-494A-838C-8BBEDB30C770}.DLL-Import Release|x64.ActiveCfg = Release|Win32
		{A642F105-652A-494A-838C-8BBEDB30C770}.DLL-Import Release|x64.Build.0 = Release|Win32
		{A642F105-652A-494A-838C-8BBEDB30C770}.DLL-Import Release|x86.ActiveCfg = Release|Win32
		{A642F105-652A-494A-838C-8BBEDB30C770}.DLL-Import Release|x86.Build.0 = Release|Win32
		{A642F105-652A-494A-838C-8BBEDB30C770}.ONLYMU|Any CPU.ActiveCfg = ONLYMU|Win32
		{A642F105-652A-494A-838C-8BBEDB30C770}.ONLYMU|x64.ActiveCfg = ONLYMU|Win32
		{A642F105-652A-494A-838C-8BBEDB30C770}.ONLYMU|x86.ActiveCfg = ONLYMU|Win32
		{A642F105-652A-494A-838C-8BBEDB30C770}.ONLYMU|x86.Build.0 = ONLYMU|Win32
		{A642F105-652A-494A-838C-8BBEDB30C770}.Release|Any CPU.ActiveCfg = Release|Win32
		{A642F105-652A-494A-838C-8BBEDB30C770}.Release|x64.ActiveCfg = Release|Win32
		{A642F105-652A-494A-838C-8BBEDB30C770}.Release|x86.ActiveCfg = Release|Win32
		{A642F105-652A-494A-838C-8BBEDB30C770}.Release|x86.Build.0 = Release|Win32
	EndGlobalSection
	GlobalSection(SolutionProperties) = preSolution
		HideSolutionNode = FALSE
	EndGlobalSection
	GlobalSection(NestedProjects) = preSolution
		{D8F84332-3698-469B-BDD5-C10F3C92305D} = {251B44BF-24EA-4C04-BB66-BF8F312C5703}
		{3423EC9A-52E4-4A4D-9753-EDEBC38785EF} = {251B44BF-24EA-4C04-BB66-BF8F312C5703}
		{6F246802-65EE-486E-A2CE-5A2AC7374DBC} = {251B44BF-24EA-4C04-BB66-BF8F312C5703}
	EndGlobalSection
EndGlobal
